{"format_version":"0.2","terraform_version":"1.0.9","planned_values":{"root_module":{"resources":[{"address":"azurerm_linux_virtual_machine.exceptionsvm2","mode":"managed","type":"azurerm_linux_virtual_machine","name":"exceptionsvm2","provider_name":"registry.terraform.io/hashicorp/azurerm","schema_version":0,"values":{"additional_capabilities":[],"admin_password":"Ub@!d!lyas99","admin_ssh_key":[],"admin_username":"ubaidilyas","allow_extension_operations":true,"availability_set_id":null,"boot_diagnostics":[],"custom_data":null,"dedicated_host_id":null,"disable_password_authentication":false,"encryption_at_host_enabled":null,"eviction_policy":null,"extensions_time_budget":"PT1H30M","identity":[],"license_type":null,"location":"eastus","max_bid_price":-1,"name":"exceptionsvm2","network_interface_ids":["/subscriptions/1375835e-2b78-4537-a5e6-b908baa10e0a/resourceGroups/mytfrgroup/providers/Microsoft.Network/networkInterfaces/mytfnic"],"os_disk":[{"caching":"ReadWrite","diff_disk_settings":[],"disk_encryption_set_id":null,"storage_account_type":"Standard_LRS","write_accelerator_enabled":false}],"plan":[],"platform_fault_domain":-1,"priority":"Regular","provision_vm_agent":true,"proximity_placement_group_id":null,"resource_group_name":"mytfrgroup","secret":[],"size":"Standard_F5","source_image_id":null,"source_image_reference":[{"offer":"UbuntuServer","publisher":"Canonical","sku":"16.04-LTS","version":"latest"}],"tags":null,"timeouts":null,"virtual_machine_scale_set_id":null},"sensitive_values":{"additional_capabilities":[],"admin_ssh_key":[],"boot_diagnostics":[],"identity":[],"network_interface_ids":[false],"os_disk":[{"diff_disk_settings":[]}],"plan":[],"private_ip_addresses":[],"public_ip_addresses":[],"secret":[],"source_image_reference":[{}]}},{"address":"azurerm_linux_virtual_machine.vmexception","mode":"managed","type":"azurerm_linux_virtual_machine","name":"vmexception","provider_name":"registry.terraform.io/hashicorp/azurerm","schema_version":0,"values":{"additional_capabilities":[],"admin_password":"Ub@!d!lyas99","admin_ssh_key":[],"admin_username":"ubaidilyas","allow_extension_operations":true,"availability_set_id":null,"boot_diagnostics":[],"custom_data":null,"dedicated_host_id":null,"disable_password_authentication":false,"encryption_at_host_enabled":null,"eviction_policy":null,"extensions_time_budget":"PT1H30M","identity":[],"license_type":null,"location":"eastus","max_bid_price":-1,"name":"exceptionsvm","network_interface_ids":["/subscriptions/1375835e-2b78-4537-a5e6-b908baa10e0a/resourceGroups/mytfrgroup/providers/Microsoft.Network/networkInterfaces/mytfnic"],"os_disk":[{"caching":"ReadWrite","diff_disk_settings":[],"disk_encryption_set_id":null,"storage_account_type":"Standard_LRS","write_accelerator_enabled":false}],"plan":[],"platform_fault_domain":-1,"priority":"Regular","provision_vm_agent":true,"proximity_placement_group_id":null,"resource_group_name":"mytfrgroup","secret":[],"size":"Standard_F4","source_image_id":null,"source_image_reference":[{"offer":"UbuntuServer","publisher":"Canonical","sku":"16.04-LTS","version":"latest"}],"tags":null,"timeouts":null,"virtual_machine_scale_set_id":null},"sensitive_values":{"additional_capabilities":[],"admin_ssh_key":[],"boot_diagnostics":[],"identity":[],"network_interface_ids":[false],"os_disk":[{"diff_disk_settings":[]}],"plan":[],"private_ip_addresses":[],"public_ip_addresses":[],"secret":[],"source_image_reference":[{}]}},{"address":"azurerm_network_interface.nic","mode":"managed","type":"azurerm_network_interface","name":"nic","provider_name":"registry.terraform.io/hashicorp/azurerm","schema_version":0,"values":{"applied_dns_servers":[],"dns_servers":[],"enable_accelerated_networking":false,"enable_ip_forwarding":false,"id":"/subscriptions/1375835e-2b78-4537-a5e6-b908baa10e0a/resourceGroups/mytfrgroup/providers/Microsoft.Network/networkInterfaces/mytfnic","internal_dns_name_label":"","internal_domain_name_suffix":"","ip_configuration":[{"gateway_load_balancer_frontend_ip_configuration_id":"","name":"internal","primary":true,"private_ip_address":"10.0.2.4","private_ip_address_allocation":"Dynamic","private_ip_address_version":"IPv4","public_ip_address_id":"","subnet_id":"/subscriptions/1375835e-2b78-4537-a5e6-b908baa10e0a/resourceGroups/mytfrgroup/providers/Microsoft.Network/virtualNetworks/mytfvnet/subnets/mytfsnet"}],"location":"eastus","mac_address":"00-0D-3A-18-D4-7C","name":"mytfnic","private_ip_address":"10.0.2.4","private_ip_addresses":["10.0.2.4"],"resource_group_name":"mytfrgroup","tags":{},"timeouts":null,"virtual_machine_id":""},"sensitive_values":{"applied_dns_servers":[],"dns_servers":[],"ip_configuration":[{}],"private_ip_addresses":[false],"tags":{}}},{"address":"azurerm_network_security_group.nsg","mode":"managed","type":"azurerm_network_security_group","name":"nsg","provider_name":"registry.terraform.io/hashicorp/azurerm","schema_version":0,"values":{"id":"/subscriptions/1375835e-2b78-4537-a5e6-b908baa10e0a/resourceGroups/mytfrgroup/providers/Microsoft.Network/networkSecurityGroups/mytfnsgroup","location":"eastus","name":"mytfnsgroup","resource_group_name":"mytfrgroup","security_rule":[{"access":"Deny","description":"","destination_address_prefix":"*","destination_address_prefixes":[],"destination_application_security_group_ids":[],"destination_port_range":"*","destination_port_ranges":[],"direction":"Inbound","name":"udpdeny","priority":102,"protocol":"UDP","source_address_prefix":"*","source_address_prefixes":[],"source_application_security_group_ids":[],"source_port_range":"*","source_port_ranges":[]},{"access":"Deny","description":"","destination_address_prefix":"*","destination_address_prefixes":[],"destination_application_security_group_ids":[],"destination_port_range":"22","destination_port_ranges":[],"direction":"Inbound","name":"sshdeny","priority":101,"protocol":"TCP","source_address_prefix":"*","source_address_prefixes":[],"source_application_security_group_ids":[],"source_port_range":"*","source_port_ranges":[]},{"access":"Deny","description":"","destination_address_prefix":"*","destination_address_prefixes":[],"destination_application_security_group_ids":[],"destination_port_range":"3389","destination_port_ranges":[],"direction":"Inbound","name":"rdpdeny","priority":100,"protocol":"TCP","source_address_prefix":"*","source_address_prefixes":[],"source_application_security_group_ids":[],"source_port_range":"*","source_port_ranges":[]}],"tags":{"environment":"staging"},"timeouts":null},"sensitive_values":{"security_rule":[{"destination_address_prefixes":[],"destination_application_security_group_ids":[],"destination_port_ranges":[],"source_address_prefixes":[],"source_application_security_group_ids":[],"source_port_ranges":[]},{"destination_address_prefixes":[],"destination_application_security_group_ids":[],"destination_port_ranges":[],"source_address_prefixes":[],"source_application_security_group_ids":[],"source_port_ranges":[]},{"destination_address_prefixes":[],"destination_application_security_group_ids":[],"destination_port_ranges":[],"source_address_prefixes":[],"source_application_security_group_ids":[],"source_port_ranges":[]}],"tags":{}}},{"address":"azurerm_network_security_rule.nsr[\"rdp\"]","mode":"managed","type":"azurerm_network_security_rule","name":"nsr","index":"rdp","provider_name":"registry.terraform.io/hashicorp/azurerm","schema_version":0,"values":{"access":"Deny","description":"","destination_address_prefix":"*","destination_address_prefixes":[],"destination_application_security_group_ids":[],"destination_port_range":"3389","destination_port_ranges":[],"direction":"Inbound","id":"/subscriptions/1375835e-2b78-4537-a5e6-b908baa10e0a/resourceGroups/mytfrgroup/providers/Microsoft.Network/networkSecurityGroups/mytfnsgroup/securityRules/rdpdeny","name":"rdpdeny","network_security_group_name":"mytfnsgroup","priority":100,"protocol":"TCP","resource_group_name":"mytfrgroup","source_address_prefix":"*","source_address_prefixes":[],"source_application_security_group_ids":[],"source_port_range":"*","source_port_ranges":[],"timeouts":null},"sensitive_values":{"destination_address_prefixes":[],"destination_application_security_group_ids":[],"destination_port_ranges":[],"source_address_prefixes":[],"source_application_security_group_ids":[],"source_port_ranges":[]}},{"address":"azurerm_network_security_rule.nsr[\"ssh\"]","mode":"managed","type":"azurerm_network_security_rule","name":"nsr","index":"ssh","provider_name":"registry.terraform.io/hashicorp/azurerm","schema_version":0,"values":{"access":"Deny","description":"","destination_address_prefix":"*","destination_address_prefixes":[],"destination_application_security_group_ids":[],"destination_port_range":"22","destination_port_ranges":[],"direction":"Inbound","id":"/subscriptions/1375835e-2b78-4537-a5e6-b908baa10e0a/resourceGroups/mytfrgroup/providers/Microsoft.Network/networkSecurityGroups/mytfnsgroup/securityRules/sshdeny","name":"sshdeny","network_security_group_name":"mytfnsgroup","priority":101,"protocol":"TCP","resource_group_name":"mytfrgroup","source_address_prefix":"*","source_address_prefixes":[],"source_application_security_group_ids":[],"source_port_range":"*","source_port_ranges":[],"timeouts":null},"sensitive_values":{"destination_address_prefixes":[],"destination_application_security_group_ids":[],"destination_port_ranges":[],"source_address_prefixes":[],"source_application_security_group_ids":[],"source_port_ranges":[]}},{"address":"azurerm_network_security_rule.nsr[\"udp\"]","mode":"managed","type":"azurerm_network_security_rule","name":"nsr","index":"udp","provider_name":"registry.terraform.io/hashicorp/azurerm","schema_version":0,"values":{"access":"Deny","description":"","destination_address_prefix":"*","destination_address_prefixes":[],"destination_application_security_group_ids":[],"destination_port_range":"*","destination_port_ranges":[],"direction":"Inbound","id":"/subscriptions/1375835e-2b78-4537-a5e6-b908baa10e0a/resourceGroups/mytfrgroup/providers/Microsoft.Network/networkSecurityGroups/mytfnsgroup/securityRules/udpdeny","name":"udpdeny","network_security_group_name":"mytfnsgroup","priority":102,"protocol":"UDP","resource_group_name":"mytfrgroup","source_address_prefix":"*","source_address_prefixes":[],"source_application_security_group_ids":[],"source_port_range":"*","source_port_ranges":[],"timeouts":null},"sensitive_values":{"destination_address_prefixes":[],"destination_application_security_group_ids":[],"destination_port_ranges":[],"source_address_prefixes":[],"source_application_security_group_ids":[],"source_port_ranges":[]}},{"address":"azurerm_resource_group.rg","mode":"managed","type":"azurerm_resource_group","name":"rg","provider_name":"registry.terraform.io/hashicorp/azurerm","schema_version":0,"values":{"id":"/subscriptions/1375835e-2b78-4537-a5e6-b908baa10e0a/resourceGroups/mytfrgroup","location":"eastus","name":"mytfrgroup","tags":{"Environment":"staging","Team":"DevOps"},"timeouts":null},"sensitive_values":{"tags":{}}},{"address":"azurerm_storage_account.sa","mode":"managed","type":"azurerm_storage_account","name":"sa","provider_name":"registry.terraform.io/hashicorp/azurerm","schema_version":2,"values":{"access_tier":"Hot","account_kind":"StorageV2","account_replication_type":"LRS","account_tier":"Standard","allow_blob_public_access":false,"azure_files_authentication":[],"blob_properties":[{"change_feed_enabled":false,"container_delete_retention_policy":[],"cors_rule":[],"default_service_version":"","delete_retention_policy":[{"days":11}],"last_access_time_enabled":false,"versioning_enabled":false}],"custom_domain":[],"enable_https_traffic_only":true,"id":"/subscriptions/1375835e-2b78-4537-a5e6-b908baa10e0a/resourceGroups/mytfrgroup/providers/Microsoft.Storage/storageAccounts/mytfsaccount","identity":[],"is_hns_enabled":false,"large_file_share_enabled":null,"location":"eastus","min_tls_version":"TLS1_0","name":"mytfsaccount","network_rules":[{"bypass":["AzureServices","Logging"],"default_action":"Deny","ip_rules":["100.0.0.1"],"private_link_access":[],"virtual_network_subnet_ids":["/subscriptions/1375835e-2b78-4537-a5e6-b908baa10e0a/resourceGroups/mytfrgroup/providers/Microsoft.Network/virtualNetworks/mytfvnet/subnets/mytfsnet"]}],"nfsv3_enabled":false,"primary_access_key":"QsMVf+Ub8nGT+6aBP+LPZgfDuGNGE7Nv87k+q2dy5WeCzdNtCW3OxRTT9wY7nvVFrSf0zRczI0HFcEfQ6x8ung==","primary_blob_connection_string":"DefaultEndpointsProtocol=https;BlobEndpoint=https://mytfsaccount.blob.core.windows.net/;AccountName=mytfsaccount;AccountKey=QsMVf+Ub8nGT+6aBP+LPZgfDuGNGE7Nv87k+q2dy5WeCzdNtCW3OxRTT9wY7nvVFrSf0zRczI0HFcEfQ6x8ung==","primary_blob_endpoint":"https://mytfsaccount.blob.core.windows.net/","primary_blob_host":"mytfsaccount.blob.core.windows.net","primary_connection_string":"DefaultEndpointsProtocol=https;AccountName=mytfsaccount;AccountKey=QsMVf+Ub8nGT+6aBP+LPZgfDuGNGE7Nv87k+q2dy5WeCzdNtCW3OxRTT9wY7nvVFrSf0zRczI0HFcEfQ6x8ung==;EndpointSuffix=core.windows.net","primary_dfs_endpoint":"https://mytfsaccount.dfs.core.windows.net/","primary_dfs_host":"mytfsaccount.dfs.core.windows.net","primary_file_endpoint":"https://mytfsaccount.file.core.windows.net/","primary_file_host":"mytfsaccount.file.core.windows.net","primary_location":"eastus","primary_queue_endpoint":"https://mytfsaccount.queue.core.windows.net/","primary_queue_host":"mytfsaccount.queue.core.windows.net","primary_table_endpoint":"https://mytfsaccount.table.core.windows.net/","primary_table_host":"mytfsaccount.table.core.windows.net","primary_web_endpoint":"https://mytfsaccount.z13.web.core.windows.net/","primary_web_host":"mytfsaccount.z13.web.core.windows.net","queue_properties":[{"cors_rule":[],"hour_metrics":[{"enabled":true,"include_apis":true,"retention_policy_days":7,"version":"1.0"}],"logging":[{"delete":false,"read":false,"retention_policy_days":0,"version":"1.0","write":false}],"minute_metrics":[{"enabled":false,"include_apis":false,"retention_policy_days":0,"version":"1.0"}]}],"resource_group_name":"mytfrgroup","routing":[],"secondary_access_key":"qIQ7k4yVkIX+z8Um3D9tDmSgOKFXA0dr0wsvJWAuPjKSuJNZ8B3OTaVCuQIERdM6RgAiGs/2xbxI5BCK4rI3Mw==","secondary_blob_connection_string":"","secondary_blob_endpoint":null,"secondary_blob_host":null,"secondary_connection_string":"DefaultEndpointsProtocol=https;AccountName=mytfsaccount;AccountKey=qIQ7k4yVkIX+z8Um3D9tDmSgOKFXA0dr0wsvJWAuPjKSuJNZ8B3OTaVCuQIERdM6RgAiGs/2xbxI5BCK4rI3Mw==;EndpointSuffix=core.windows.net","secondary_dfs_endpoint":null,"secondary_dfs_host":null,"secondary_file_endpoint":null,"secondary_file_host":null,"secondary_location":"","secondary_queue_endpoint":null,"secondary_queue_host":null,"secondary_table_endpoint":null,"secondary_table_host":null,"secondary_web_endpoint":null,"secondary_web_host":null,"share_properties":[{"cors_rule":[],"retention_policy":[{"days":7}],"smb":[]}],"shared_access_key_enabled":true,"static_website":[],"tags":{"environment":"staging"},"timeouts":null},"sensitive_values":{"azure_files_authentication":[],"blob_properties":[{"container_delete_retention_policy":[],"cors_rule":[],"delete_retention_policy":[{}]}],"custom_domain":[],"identity":[],"network_rules":[{"bypass":[false,false],"ip_rules":[false],"private_link_access":[],"virtual_network_subnet_ids":[false]}],"queue_properties":[{"cors_rule":[],"hour_metrics":[{}],"logging":[{}],"minute_metrics":[{}]}],"routing":[],"share_properties":[{"cors_rule":[],"retention_policy":[{}],"smb":[]}],"static_website":[],"tags":{}}},{"address":"azurerm_subnet.sn","mode":"managed","type":"azurerm_subnet","name":"sn","provider_name":"registry.terraform.io/hashicorp/azurerm","schema_version":0,"values":{"address_prefix":"10.0.2.0/24","address_prefixes":["10.0.2.0/24"],"delegation":[],"enforce_private_link_endpoint_network_policies":false,"enforce_private_link_service_network_policies":false,"id":"/subscriptions/1375835e-2b78-4537-a5e6-b908baa10e0a/resourceGroups/mytfrgroup/providers/Microsoft.Network/virtualNetworks/mytfvnet/subnets/mytfsnet","name":"mytfsnet","resource_group_name":"mytfrgroup","service_endpoint_policy_ids":[],"service_endpoints":["Microsoft.Sql","Microsoft.Storage"],"timeouts":null,"virtual_network_name":"mytfvnet"},"sensitive_values":{"address_prefixes":[false],"delegation":[],"service_endpoint_policy_ids":[],"service_endpoints":[false,false]}},{"address":"azurerm_virtual_network.vnet","mode":"managed","type":"azurerm_virtual_network","name":"vnet","provider_name":"registry.terraform.io/hashicorp/azurerm","schema_version":0,"values":{"address_space":["10.0.0.0/16"],"bgp_community":"","ddos_protection_plan":[],"dns_servers":[],"guid":"51935335-5bc6-484b-a70c-ccf9ce794118","id":"/subscriptions/1375835e-2b78-4537-a5e6-b908baa10e0a/resourceGroups/mytfrgroup/providers/Microsoft.Network/virtualNetworks/mytfvnet","location":"eastus","name":"mytfvnet","resource_group_name":"mytfrgroup","subnet":[{"address_prefix":"10.0.2.0/24","id":"/subscriptions/1375835e-2b78-4537-a5e6-b908baa10e0a/resourceGroups/mytfrgroup/providers/Microsoft.Network/virtualNetworks/mytfvnet/subnets/mytfsnet","name":"mytfsnet","security_group":""}],"tags":{},"timeouts":null,"vm_protection_enabled":false},"sensitive_values":{"address_space":[false],"ddos_protection_plan":[],"dns_servers":[],"subnet":[{}],"tags":{}}}]}},"resource_drift":[{"address":"azurerm_network_interface.nic","mode":"managed","type":"azurerm_network_interface","name":"nic","provider_name":"registry.terraform.io/hashicorp/azurerm","change":{"actions":["update"],"before":{"applied_dns_servers":[],"dns_servers":[],"enable_accelerated_networking":false,"enable_ip_forwarding":false,"id":"/subscriptions/1375835e-2b78-4537-a5e6-b908baa10e0a/resourceGroups/mytfrgroup/providers/Microsoft.Network/networkInterfaces/mytfnic","internal_dns_name_label":"","internal_domain_name_suffix":"gvjzguoglnfurjymzt2224kbda.bx.internal.cloudapp.net","ip_configuration":[{"gateway_load_balancer_frontend_ip_configuration_id":"","name":"internal","primary":true,"private_ip_address":"10.0.2.4","private_ip_address_allocation":"Dynamic","private_ip_address_version":"IPv4","public_ip_address_id":"","subnet_id":"/subscriptions/1375835e-2b78-4537-a5e6-b908baa10e0a/resourceGroups/mytfrgroup/providers/Microsoft.Network/virtualNetworks/mytfvnet/subnets/mytfsnet"}],"location":"eastus","mac_address":"00-0D-3A-18-D4-7C","name":"mytfnic","private_ip_address":"10.0.2.4","private_ip_addresses":["10.0.2.4"],"resource_group_name":"mytfrgroup","tags":{},"timeouts":null,"virtual_machine_id":"/subscriptions/1375835e-2b78-4537-a5e6-b908baa10e0a/resourceGroups/mytfrgroup/providers/Microsoft.Compute/virtualMachines/mytflinuxvm"},"after":{"applied_dns_servers":[],"dns_servers":[],"enable_accelerated_networking":false,"enable_ip_forwarding":false,"id":"/subscriptions/1375835e-2b78-4537-a5e6-b908baa10e0a/resourceGroups/mytfrgroup/providers/Microsoft.Network/networkInterfaces/mytfnic","internal_dns_name_label":"","internal_domain_name_suffix":"","ip_configuration":[{"gateway_load_balancer_frontend_ip_configuration_id":"","name":"internal","primary":true,"private_ip_address":"10.0.2.4","private_ip_address_allocation":"Dynamic","private_ip_address_version":"IPv4","public_ip_address_id":"","subnet_id":"/subscriptions/1375835e-2b78-4537-a5e6-b908baa10e0a/resourceGroups/mytfrgroup/providers/Microsoft.Network/virtualNetworks/mytfvnet/subnets/mytfsnet"}],"location":"eastus","mac_address":"00-0D-3A-18-D4-7C","name":"mytfnic","private_ip_address":"10.0.2.4","private_ip_addresses":["10.0.2.4"],"resource_group_name":"mytfrgroup","tags":{},"timeouts":null,"virtual_machine_id":""},"before_sensitive":{"applied_dns_servers":[],"dns_servers":[],"ip_configuration":[{}],"private_ip_addresses":[false],"tags":{}},"after_sensitive":{"applied_dns_servers":[],"dns_servers":[],"ip_configuration":[{}],"private_ip_addresses":[false],"tags":{}}}}],"resource_changes":[{"address":"azurerm_linux_virtual_machine.exceptionsvm2","mode":"managed","type":"azurerm_linux_virtual_machine","name":"exceptionsvm2","provider_name":"registry.terraform.io/hashicorp/azurerm","change":{"actions":["create"],"before":null,"after":{"additional_capabilities":[],"admin_password":"Ub@!d!lyas99","admin_ssh_key":[],"admin_username":"ubaidilyas","allow_extension_operations":true,"availability_set_id":null,"boot_diagnostics":[],"custom_data":null,"dedicated_host_id":null,"disable_password_authentication":false,"encryption_at_host_enabled":null,"eviction_policy":null,"extensions_time_budget":"PT1H30M","identity":[],"license_type":null,"location":"eastus","max_bid_price":-1,"name":"exceptionsvm2","network_interface_ids":["/subscriptions/1375835e-2b78-4537-a5e6-b908baa10e0a/resourceGroups/mytfrgroup/providers/Microsoft.Network/networkInterfaces/mytfnic"],"os_disk":[{"caching":"ReadWrite","diff_disk_settings":[],"disk_encryption_set_id":null,"storage_account_type":"Standard_LRS","write_accelerator_enabled":false}],"plan":[],"platform_fault_domain":-1,"priority":"Regular","provision_vm_agent":true,"proximity_placement_group_id":null,"resource_group_name":"mytfrgroup","secret":[],"size":"Standard_F5","source_image_id":null,"source_image_reference":[{"offer":"UbuntuServer","publisher":"Canonical","sku":"16.04-LTS","version":"latest"}],"tags":null,"timeouts":null,"virtual_machine_scale_set_id":null},"after_unknown":{"additional_capabilities":[],"admin_ssh_key":[],"boot_diagnostics":[],"computer_name":true,"id":true,"identity":[],"network_interface_ids":[false],"os_disk":[{"diff_disk_settings":[],"disk_size_gb":true,"name":true}],"plan":[],"private_ip_address":true,"private_ip_addresses":true,"public_ip_address":true,"public_ip_addresses":true,"secret":[],"source_image_reference":[{}],"virtual_machine_id":true,"zone":true},"before_sensitive":false,"after_sensitive":{"additional_capabilities":[],"admin_password":true,"admin_ssh_key":[],"boot_diagnostics":[],"custom_data":true,"identity":[],"network_interface_ids":[false],"os_disk":[{"diff_disk_settings":[]}],"plan":[],"private_ip_addresses":[],"public_ip_addresses":[],"secret":[],"source_image_reference":[{}]}}},{"address":"azurerm_linux_virtual_machine.vmexception","mode":"managed","type":"azurerm_linux_virtual_machine","name":"vmexception","provider_name":"registry.terraform.io/hashicorp/azurerm","change":{"actions":["create"],"before":null,"after":{"additional_capabilities":[],"admin_password":"Ub@!d!lyas99","admin_ssh_key":[],"admin_username":"ubaidilyas","allow_extension_operations":true,"availability_set_id":null,"boot_diagnostics":[],"custom_data":null,"dedicated_host_id":null,"disable_password_authentication":false,"encryption_at_host_enabled":null,"eviction_policy":null,"extensions_time_budget":"PT1H30M","identity":[],"license_type":null,"location":"eastus","max_bid_price":-1,"name":"exceptionsvm","network_interface_ids":["/subscriptions/1375835e-2b78-4537-a5e6-b908baa10e0a/resourceGroups/mytfrgroup/providers/Microsoft.Network/networkInterfaces/mytfnic"],"os_disk":[{"caching":"ReadWrite","diff_disk_settings":[],"disk_encryption_set_id":null,"storage_account_type":"Standard_LRS","write_accelerator_enabled":false}],"plan":[],"platform_fault_domain":-1,"priority":"Regular","provision_vm_agent":true,"proximity_placement_group_id":null,"resource_group_name":"mytfrgroup","secret":[],"size":"Standard_F4","source_image_id":null,"source_image_reference":[{"offer":"UbuntuServer","publisher":"Canonical","sku":"16.04-LTS","version":"latest"}],"tags":null,"timeouts":null,"virtual_machine_scale_set_id":null},"after_unknown":{"additional_capabilities":[],"admin_ssh_key":[],"boot_diagnostics":[],"computer_name":true,"id":true,"identity":[],"network_interface_ids":[false],"os_disk":[{"diff_disk_settings":[],"disk_size_gb":true,"name":true}],"plan":[],"private_ip_address":true,"private_ip_addresses":true,"public_ip_address":true,"public_ip_addresses":true,"secret":[],"source_image_reference":[{}],"virtual_machine_id":true,"zone":true},"before_sensitive":false,"after_sensitive":{"additional_capabilities":[],"admin_password":true,"admin_ssh_key":[],"boot_diagnostics":[],"custom_data":true,"identity":[],"network_interface_ids":[false],"os_disk":[{"diff_disk_settings":[]}],"plan":[],"private_ip_addresses":[],"public_ip_addresses":[],"secret":[],"source_image_reference":[{}]}}},{"address":"azurerm_network_interface.nic","mode":"managed","type":"azurerm_network_interface","name":"nic","provider_name":"registry.terraform.io/hashicorp/azurerm","change":{"actions":["no-op"],"before":{"applied_dns_servers":[],"dns_servers":[],"enable_accelerated_networking":false,"enable_ip_forwarding":false,"id":"/subscriptions/1375835e-2b78-4537-a5e6-b908baa10e0a/resourceGroups/mytfrgroup/providers/Microsoft.Network/networkInterfaces/mytfnic","internal_dns_name_label":"","internal_domain_name_suffix":"","ip_configuration":[{"gateway_load_balancer_frontend_ip_configuration_id":"","name":"internal","primary":true,"private_ip_address":"10.0.2.4","private_ip_address_allocation":"Dynamic","private_ip_address_version":"IPv4","public_ip_address_id":"","subnet_id":"/subscriptions/1375835e-2b78-4537-a5e6-b908baa10e0a/resourceGroups/mytfrgroup/providers/Microsoft.Network/virtualNetworks/mytfvnet/subnets/mytfsnet"}],"location":"eastus","mac_address":"00-0D-3A-18-D4-7C","name":"mytfnic","private_ip_address":"10.0.2.4","private_ip_addresses":["10.0.2.4"],"resource_group_name":"mytfrgroup","tags":{},"timeouts":null,"virtual_machine_id":""},"after":{"applied_dns_servers":[],"dns_servers":[],"enable_accelerated_networking":false,"enable_ip_forwarding":false,"id":"/subscriptions/1375835e-2b78-4537-a5e6-b908baa10e0a/resourceGroups/mytfrgroup/providers/Microsoft.Network/networkInterfaces/mytfnic","internal_dns_name_label":"","internal_domain_name_suffix":"","ip_configuration":[{"gateway_load_balancer_frontend_ip_configuration_id":"","name":"internal","primary":true,"private_ip_address":"10.0.2.4","private_ip_address_allocation":"Dynamic","private_ip_address_version":"IPv4","public_ip_address_id":"","subnet_id":"/subscriptions/1375835e-2b78-4537-a5e6-b908baa10e0a/resourceGroups/mytfrgroup/providers/Microsoft.Network/virtualNetworks/mytfvnet/subnets/mytfsnet"}],"location":"eastus","mac_address":"00-0D-3A-18-D4-7C","name":"mytfnic","private_ip_address":"10.0.2.4","private_ip_addresses":["10.0.2.4"],"resource_group_name":"mytfrgroup","tags":{},"timeouts":null,"virtual_machine_id":""},"after_unknown":{},"before_sensitive":{"applied_dns_servers":[],"dns_servers":[],"ip_configuration":[{}],"private_ip_addresses":[false],"tags":{}},"after_sensitive":{"applied_dns_servers":[],"dns_servers":[],"ip_configuration":[{}],"private_ip_addresses":[false],"tags":{}}}},{"address":"azurerm_network_security_group.nsg","mode":"managed","type":"azurerm_network_security_group","name":"nsg","provider_name":"registry.terraform.io/hashicorp/azurerm","change":{"actions":["no-op"],"before":{"id":"/subscriptions/1375835e-2b78-4537-a5e6-b908baa10e0a/resourceGroups/mytfrgroup/providers/Microsoft.Network/networkSecurityGroups/mytfnsgroup","location":"eastus","name":"mytfnsgroup","resource_group_name":"mytfrgroup","security_rule":[{"access":"Deny","description":"","destination_address_prefix":"*","destination_address_prefixes":[],"destination_application_security_group_ids":[],"destination_port_range":"*","destination_port_ranges":[],"direction":"Inbound","name":"udpdeny","priority":102,"protocol":"UDP","source_address_prefix":"*","source_address_prefixes":[],"source_application_security_group_ids":[],"source_port_range":"*","source_port_ranges":[]},{"access":"Deny","description":"","destination_address_prefix":"*","destination_address_prefixes":[],"destination_application_security_group_ids":[],"destination_port_range":"22","destination_port_ranges":[],"direction":"Inbound","name":"sshdeny","priority":101,"protocol":"TCP","source_address_prefix":"*","source_address_prefixes":[],"source_application_security_group_ids":[],"source_port_range":"*","source_port_ranges":[]},{"access":"Deny","description":"","destination_address_prefix":"*","destination_address_prefixes":[],"destination_application_security_group_ids":[],"destination_port_range":"3389","destination_port_ranges":[],"direction":"Inbound","name":"rdpdeny","priority":100,"protocol":"TCP","source_address_prefix":"*","source_address_prefixes":[],"source_application_security_group_ids":[],"source_port_range":"*","source_port_ranges":[]}],"tags":{"environment":"staging"},"timeouts":null},"after":{"id":"/subscriptions/1375835e-2b78-4537-a5e6-b908baa10e0a/resourceGroups/mytfrgroup/providers/Microsoft.Network/networkSecurityGroups/mytfnsgroup","location":"eastus","name":"mytfnsgroup","resource_group_name":"mytfrgroup","security_rule":[{"access":"Deny","description":"","destination_address_prefix":"*","destination_address_prefixes":[],"destination_application_security_group_ids":[],"destination_port_range":"*","destination_port_ranges":[],"direction":"Inbound","name":"udpdeny","priority":102,"protocol":"UDP","source_address_prefix":"*","source_address_prefixes":[],"source_application_security_group_ids":[],"source_port_range":"*","source_port_ranges":[]},{"access":"Deny","description":"","destination_address_prefix":"*","destination_address_prefixes":[],"destination_application_security_group_ids":[],"destination_port_range":"22","destination_port_ranges":[],"direction":"Inbound","name":"sshdeny","priority":101,"protocol":"TCP","source_address_prefix":"*","source_address_prefixes":[],"source_application_security_group_ids":[],"source_port_range":"*","source_port_ranges":[]},{"access":"Deny","description":"","destination_address_prefix":"*","destination_address_prefixes":[],"destination_application_security_group_ids":[],"destination_port_range":"3389","destination_port_ranges":[],"direction":"Inbound","name":"rdpdeny","priority":100,"protocol":"TCP","source_address_prefix":"*","source_address_prefixes":[],"source_application_security_group_ids":[],"source_port_range":"*","source_port_ranges":[]}],"tags":{"environment":"staging"},"timeouts":null},"after_unknown":{},"before_sensitive":{"security_rule":[{"destination_address_prefixes":[],"destination_application_security_group_ids":[],"destination_port_ranges":[],"source_address_prefixes":[],"source_application_security_group_ids":[],"source_port_ranges":[]},{"destination_address_prefixes":[],"destination_application_security_group_ids":[],"destination_port_ranges":[],"source_address_prefixes":[],"source_application_security_group_ids":[],"source_port_ranges":[]},{"destination_address_prefixes":[],"destination_application_security_group_ids":[],"destination_port_ranges":[],"source_address_prefixes":[],"source_application_security_group_ids":[],"source_port_ranges":[]}],"tags":{}},"after_sensitive":{"security_rule":[{"destination_address_prefixes":[],"destination_application_security_group_ids":[],"destination_port_ranges":[],"source_address_prefixes":[],"source_application_security_group_ids":[],"source_port_ranges":[]},{"destination_address_prefixes":[],"destination_application_security_group_ids":[],"destination_port_ranges":[],"source_address_prefixes":[],"source_application_security_group_ids":[],"source_port_ranges":[]},{"destination_address_prefixes":[],"destination_application_security_group_ids":[],"destination_port_ranges":[],"source_address_prefixes":[],"source_application_security_group_ids":[],"source_port_ranges":[]}],"tags":{}}}},{"address":"azurerm_network_security_rule.nsr[\"rdp\"]","mode":"managed","type":"azurerm_network_security_rule","name":"nsr","index":"rdp","provider_name":"registry.terraform.io/hashicorp/azurerm","change":{"actions":["no-op"],"before":{"access":"Deny","description":"","destination_address_prefix":"*","destination_address_prefixes":[],"destination_application_security_group_ids":[],"destination_port_range":"3389","destination_port_ranges":[],"direction":"Inbound","id":"/subscriptions/1375835e-2b78-4537-a5e6-b908baa10e0a/resourceGroups/mytfrgroup/providers/Microsoft.Network/networkSecurityGroups/mytfnsgroup/securityRules/rdpdeny","name":"rdpdeny","network_security_group_name":"mytfnsgroup","priority":100,"protocol":"TCP","resource_group_name":"mytfrgroup","source_address_prefix":"*","source_address_prefixes":[],"source_application_security_group_ids":[],"source_port_range":"*","source_port_ranges":[],"timeouts":null},"after":{"access":"Deny","description":"","destination_address_prefix":"*","destination_address_prefixes":[],"destination_application_security_group_ids":[],"destination_port_range":"3389","destination_port_ranges":[],"direction":"Inbound","id":"/subscriptions/1375835e-2b78-4537-a5e6-b908baa10e0a/resourceGroups/mytfrgroup/providers/Microsoft.Network/networkSecurityGroups/mytfnsgroup/securityRules/rdpdeny","name":"rdpdeny","network_security_group_name":"mytfnsgroup","priority":100,"protocol":"TCP","resource_group_name":"mytfrgroup","source_address_prefix":"*","source_address_prefixes":[],"source_application_security_group_ids":[],"source_port_range":"*","source_port_ranges":[],"timeouts":null},"after_unknown":{},"before_sensitive":{"destination_address_prefixes":[],"destination_application_security_group_ids":[],"destination_port_ranges":[],"source_address_prefixes":[],"source_application_security_group_ids":[],"source_port_ranges":[]},"after_sensitive":{"destination_address_prefixes":[],"destination_application_security_group_ids":[],"destination_port_ranges":[],"source_address_prefixes":[],"source_application_security_group_ids":[],"source_port_ranges":[]}}},{"address":"azurerm_network_security_rule.nsr[\"ssh\"]","mode":"managed","type":"azurerm_network_security_rule","name":"nsr","index":"ssh","provider_name":"registry.terraform.io/hashicorp/azurerm","change":{"actions":["no-op"],"before":{"access":"Deny","description":"","destination_address_prefix":"*","destination_address_prefixes":[],"destination_application_security_group_ids":[],"destination_port_range":"22","destination_port_ranges":[],"direction":"Inbound","id":"/subscriptions/1375835e-2b78-4537-a5e6-b908baa10e0a/resourceGroups/mytfrgroup/providers/Microsoft.Network/networkSecurityGroups/mytfnsgroup/securityRules/sshdeny","name":"sshdeny","network_security_group_name":"mytfnsgroup","priority":101,"protocol":"TCP","resource_group_name":"mytfrgroup","source_address_prefix":"*","source_address_prefixes":[],"source_application_security_group_ids":[],"source_port_range":"*","source_port_ranges":[],"timeouts":null},"after":{"access":"Deny","description":"","destination_address_prefix":"*","destination_address_prefixes":[],"destination_application_security_group_ids":[],"destination_port_range":"22","destination_port_ranges":[],"direction":"Inbound","id":"/subscriptions/1375835e-2b78-4537-a5e6-b908baa10e0a/resourceGroups/mytfrgroup/providers/Microsoft.Network/networkSecurityGroups/mytfnsgroup/securityRules/sshdeny","name":"sshdeny","network_security_group_name":"mytfnsgroup","priority":101,"protocol":"TCP","resource_group_name":"mytfrgroup","source_address_prefix":"*","source_address_prefixes":[],"source_application_security_group_ids":[],"source_port_range":"*","source_port_ranges":[],"timeouts":null},"after_unknown":{},"before_sensitive":{"destination_address_prefixes":[],"destination_application_security_group_ids":[],"destination_port_ranges":[],"source_address_prefixes":[],"source_application_security_group_ids":[],"source_port_ranges":[]},"after_sensitive":{"destination_address_prefixes":[],"destination_application_security_group_ids":[],"destination_port_ranges":[],"source_address_prefixes":[],"source_application_security_group_ids":[],"source_port_ranges":[]}}},{"address":"azurerm_network_security_rule.nsr[\"udp\"]","mode":"managed","type":"azurerm_network_security_rule","name":"nsr","index":"udp","provider_name":"registry.terraform.io/hashicorp/azurerm","change":{"actions":["no-op"],"before":{"access":"Deny","description":"","destination_address_prefix":"*","destination_address_prefixes":[],"destination_application_security_group_ids":[],"destination_port_range":"*","destination_port_ranges":[],"direction":"Inbound","id":"/subscriptions/1375835e-2b78-4537-a5e6-b908baa10e0a/resourceGroups/mytfrgroup/providers/Microsoft.Network/networkSecurityGroups/mytfnsgroup/securityRules/udpdeny","name":"udpdeny","network_security_group_name":"mytfnsgroup","priority":102,"protocol":"UDP","resource_group_name":"mytfrgroup","source_address_prefix":"*","source_address_prefixes":[],"source_application_security_group_ids":[],"source_port_range":"*","source_port_ranges":[],"timeouts":null},"after":{"access":"Deny","description":"","destination_address_prefix":"*","destination_address_prefixes":[],"destination_application_security_group_ids":[],"destination_port_range":"*","destination_port_ranges":[],"direction":"Inbound","id":"/subscriptions/1375835e-2b78-4537-a5e6-b908baa10e0a/resourceGroups/mytfrgroup/providers/Microsoft.Network/networkSecurityGroups/mytfnsgroup/securityRules/udpdeny","name":"udpdeny","network_security_group_name":"mytfnsgroup","priority":102,"protocol":"UDP","resource_group_name":"mytfrgroup","source_address_prefix":"*","source_address_prefixes":[],"source_application_security_group_ids":[],"source_port_range":"*","source_port_ranges":[],"timeouts":null},"after_unknown":{},"before_sensitive":{"destination_address_prefixes":[],"destination_application_security_group_ids":[],"destination_port_ranges":[],"source_address_prefixes":[],"source_application_security_group_ids":[],"source_port_ranges":[]},"after_sensitive":{"destination_address_prefixes":[],"destination_application_security_group_ids":[],"destination_port_ranges":[],"source_address_prefixes":[],"source_application_security_group_ids":[],"source_port_ranges":[]}}},{"address":"azurerm_resource_group.rg","mode":"managed","type":"azurerm_resource_group","name":"rg","provider_name":"registry.terraform.io/hashicorp/azurerm","change":{"actions":["no-op"],"before":{"id":"/subscriptions/1375835e-2b78-4537-a5e6-b908baa10e0a/resourceGroups/mytfrgroup","location":"eastus","name":"mytfrgroup","tags":{"Environment":"staging","Team":"DevOps"},"timeouts":null},"after":{"id":"/subscriptions/1375835e-2b78-4537-a5e6-b908baa10e0a/resourceGroups/mytfrgroup","location":"eastus","name":"mytfrgroup","tags":{"Environment":"staging","Team":"DevOps"},"timeouts":null},"after_unknown":{},"before_sensitive":{"tags":{}},"after_sensitive":{"tags":{}}}},{"address":"azurerm_storage_account.sa","mode":"managed","type":"azurerm_storage_account","name":"sa","provider_name":"registry.terraform.io/hashicorp/azurerm","change":{"actions":["update"],"before":{"access_tier":"Hot","account_kind":"StorageV2","account_replication_type":"LRS","account_tier":"Standard","allow_blob_public_access":false,"azure_files_authentication":[],"blob_properties":[{"change_feed_enabled":false,"container_delete_retention_policy":[],"cors_rule":[],"default_service_version":"","delete_retention_policy":[{"days":11}],"last_access_time_enabled":false,"versioning_enabled":false}],"custom_domain":[],"enable_https_traffic_only":true,"id":"/subscriptions/1375835e-2b78-4537-a5e6-b908baa10e0a/resourceGroups/mytfrgroup/providers/Microsoft.Storage/storageAccounts/mytfsaccount","identity":[],"is_hns_enabled":false,"large_file_share_enabled":null,"location":"eastus","min_tls_version":"TLS1_0","name":"mytfsaccount","network_rules":[{"bypass":["Logging"],"default_action":"Deny","ip_rules":["100.0.0.1"],"private_link_access":[],"virtual_network_subnet_ids":["/subscriptions/1375835e-2b78-4537-a5e6-b908baa10e0a/resourceGroups/mytfrgroup/providers/Microsoft.Network/virtualNetworks/mytfvnet/subnets/mytfsnet"]}],"nfsv3_enabled":false,"primary_access_key":"QsMVf+Ub8nGT+6aBP+LPZgfDuGNGE7Nv87k+q2dy5WeCzdNtCW3OxRTT9wY7nvVFrSf0zRczI0HFcEfQ6x8ung==","primary_blob_connection_string":"DefaultEndpointsProtocol=https;BlobEndpoint=https://mytfsaccount.blob.core.windows.net/;AccountName=mytfsaccount;AccountKey=QsMVf+Ub8nGT+6aBP+LPZgfDuGNGE7Nv87k+q2dy5WeCzdNtCW3OxRTT9wY7nvVFrSf0zRczI0HFcEfQ6x8ung==","primary_blob_endpoint":"https://mytfsaccount.blob.core.windows.net/","primary_blob_host":"mytfsaccount.blob.core.windows.net","primary_connection_string":"DefaultEndpointsProtocol=https;AccountName=mytfsaccount;AccountKey=QsMVf+Ub8nGT+6aBP+LPZgfDuGNGE7Nv87k+q2dy5WeCzdNtCW3OxRTT9wY7nvVFrSf0zRczI0HFcEfQ6x8ung==;EndpointSuffix=core.windows.net","primary_dfs_endpoint":"https://mytfsaccount.dfs.core.windows.net/","primary_dfs_host":"mytfsaccount.dfs.core.windows.net","primary_file_endpoint":"https://mytfsaccount.file.core.windows.net/","primary_file_host":"mytfsaccount.file.core.windows.net","primary_location":"eastus","primary_queue_endpoint":"https://mytfsaccount.queue.core.windows.net/","primary_queue_host":"mytfsaccount.queue.core.windows.net","primary_table_endpoint":"https://mytfsaccount.table.core.windows.net/","primary_table_host":"mytfsaccount.table.core.windows.net","primary_web_endpoint":"https://mytfsaccount.z13.web.core.windows.net/","primary_web_host":"mytfsaccount.z13.web.core.windows.net","queue_properties":[{"cors_rule":[],"hour_metrics":[{"enabled":true,"include_apis":true,"retention_policy_days":7,"version":"1.0"}],"logging":[{"delete":false,"read":false,"retention_policy_days":0,"version":"1.0","write":false}],"minute_metrics":[{"enabled":false,"include_apis":false,"retention_policy_days":0,"version":"1.0"}]}],"resource_group_name":"mytfrgroup","routing":[],"secondary_access_key":"qIQ7k4yVkIX+z8Um3D9tDmSgOKFXA0dr0wsvJWAuPjKSuJNZ8B3OTaVCuQIERdM6RgAiGs/2xbxI5BCK4rI3Mw==","secondary_blob_connection_string":"","secondary_blob_endpoint":null,"secondary_blob_host":null,"secondary_connection_string":"DefaultEndpointsProtocol=https;AccountName=mytfsaccount;AccountKey=qIQ7k4yVkIX+z8Um3D9tDmSgOKFXA0dr0wsvJWAuPjKSuJNZ8B3OTaVCuQIERdM6RgAiGs/2xbxI5BCK4rI3Mw==;EndpointSuffix=core.windows.net","secondary_dfs_endpoint":null,"secondary_dfs_host":null,"secondary_file_endpoint":null,"secondary_file_host":null,"secondary_location":"","secondary_queue_endpoint":null,"secondary_queue_host":null,"secondary_table_endpoint":null,"secondary_table_host":null,"secondary_web_endpoint":null,"secondary_web_host":null,"share_properties":[{"cors_rule":[],"retention_policy":[{"days":7}],"smb":[]}],"shared_access_key_enabled":true,"static_website":[],"tags":{"environment":"staging"},"timeouts":null},"after":{"access_tier":"Hot","account_kind":"StorageV2","account_replication_type":"LRS","account_tier":"Standard","allow_blob_public_access":false,"azure_files_authentication":[],"blob_properties":[{"change_feed_enabled":false,"container_delete_retention_policy":[],"cors_rule":[],"default_service_version":"","delete_retention_policy":[{"days":11}],"last_access_time_enabled":false,"versioning_enabled":false}],"custom_domain":[],"enable_https_traffic_only":true,"id":"/subscriptions/1375835e-2b78-4537-a5e6-b908baa10e0a/resourceGroups/mytfrgroup/providers/Microsoft.Storage/storageAccounts/mytfsaccount","identity":[],"is_hns_enabled":false,"large_file_share_enabled":null,"location":"eastus","min_tls_version":"TLS1_0","name":"mytfsaccount","network_rules":[{"bypass":["AzureServices","Logging"],"default_action":"Deny","ip_rules":["100.0.0.1"],"private_link_access":[],"virtual_network_subnet_ids":["/subscriptions/1375835e-2b78-4537-a5e6-b908baa10e0a/resourceGroups/mytfrgroup/providers/Microsoft.Network/virtualNetworks/mytfvnet/subnets/mytfsnet"]}],"nfsv3_enabled":false,"primary_access_key":"QsMVf+Ub8nGT+6aBP+LPZgfDuGNGE7Nv87k+q2dy5WeCzdNtCW3OxRTT9wY7nvVFrSf0zRczI0HFcEfQ6x8ung==","primary_blob_connection_string":"DefaultEndpointsProtocol=https;BlobEndpoint=https://mytfsaccount.blob.core.windows.net/;AccountName=mytfsaccount;AccountKey=QsMVf+Ub8nGT+6aBP+LPZgfDuGNGE7Nv87k+q2dy5WeCzdNtCW3OxRTT9wY7nvVFrSf0zRczI0HFcEfQ6x8ung==","primary_blob_endpoint":"https://mytfsaccount.blob.core.windows.net/","primary_blob_host":"mytfsaccount.blob.core.windows.net","primary_connection_string":"DefaultEndpointsProtocol=https;AccountName=mytfsaccount;AccountKey=QsMVf+Ub8nGT+6aBP+LPZgfDuGNGE7Nv87k+q2dy5WeCzdNtCW3OxRTT9wY7nvVFrSf0zRczI0HFcEfQ6x8ung==;EndpointSuffix=core.windows.net","primary_dfs_endpoint":"https://mytfsaccount.dfs.core.windows.net/","primary_dfs_host":"mytfsaccount.dfs.core.windows.net","primary_file_endpoint":"https://mytfsaccount.file.core.windows.net/","primary_file_host":"mytfsaccount.file.core.windows.net","primary_location":"eastus","primary_queue_endpoint":"https://mytfsaccount.queue.core.windows.net/","primary_queue_host":"mytfsaccount.queue.core.windows.net","primary_table_endpoint":"https://mytfsaccount.table.core.windows.net/","primary_table_host":"mytfsaccount.table.core.windows.net","primary_web_endpoint":"https://mytfsaccount.z13.web.core.windows.net/","primary_web_host":"mytfsaccount.z13.web.core.windows.net","queue_properties":[{"cors_rule":[],"hour_metrics":[{"enabled":true,"include_apis":true,"retention_policy_days":7,"version":"1.0"}],"logging":[{"delete":false,"read":false,"retention_policy_days":0,"version":"1.0","write":false}],"minute_metrics":[{"enabled":false,"include_apis":false,"retention_policy_days":0,"version":"1.0"}]}],"resource_group_name":"mytfrgroup","routing":[],"secondary_access_key":"qIQ7k4yVkIX+z8Um3D9tDmSgOKFXA0dr0wsvJWAuPjKSuJNZ8B3OTaVCuQIERdM6RgAiGs/2xbxI5BCK4rI3Mw==","secondary_blob_connection_string":"","secondary_blob_endpoint":null,"secondary_blob_host":null,"secondary_connection_string":"DefaultEndpointsProtocol=https;AccountName=mytfsaccount;AccountKey=qIQ7k4yVkIX+z8Um3D9tDmSgOKFXA0dr0wsvJWAuPjKSuJNZ8B3OTaVCuQIERdM6RgAiGs/2xbxI5BCK4rI3Mw==;EndpointSuffix=core.windows.net","secondary_dfs_endpoint":null,"secondary_dfs_host":null,"secondary_file_endpoint":null,"secondary_file_host":null,"secondary_location":"","secondary_queue_endpoint":null,"secondary_queue_host":null,"secondary_table_endpoint":null,"secondary_table_host":null,"secondary_web_endpoint":null,"secondary_web_host":null,"share_properties":[{"cors_rule":[],"retention_policy":[{"days":7}],"smb":[]}],"shared_access_key_enabled":true,"static_website":[],"tags":{"environment":"staging"},"timeouts":null},"after_unknown":{},"before_sensitive":{"azure_files_authentication":[],"blob_properties":[{"container_delete_retention_policy":[],"cors_rule":[],"delete_retention_policy":[{}]}],"custom_domain":[],"identity":[],"network_rules":[{"bypass":[false],"ip_rules":[false],"private_link_access":[],"virtual_network_subnet_ids":[false]}],"primary_access_key":true,"primary_blob_connection_string":true,"primary_connection_string":true,"queue_properties":[{"cors_rule":[],"hour_metrics":[{}],"logging":[{}],"minute_metrics":[{}]}],"routing":[],"secondary_access_key":true,"secondary_blob_connection_string":true,"secondary_connection_string":true,"share_properties":[{"cors_rule":[],"retention_policy":[{}],"smb":[]}],"static_website":[],"tags":{}},"after_sensitive":{"azure_files_authentication":[],"blob_properties":[{"container_delete_retention_policy":[],"cors_rule":[],"delete_retention_policy":[{}]}],"custom_domain":[],"identity":[],"network_rules":[{"bypass":[false,false],"ip_rules":[false],"private_link_access":[],"virtual_network_subnet_ids":[false]}],"primary_access_key":true,"primary_blob_connection_string":true,"primary_connection_string":true,"queue_properties":[{"cors_rule":[],"hour_metrics":[{}],"logging":[{}],"minute_metrics":[{}]}],"routing":[],"secondary_access_key":true,"secondary_blob_connection_string":true,"secondary_connection_string":true,"share_properties":[{"cors_rule":[],"retention_policy":[{}],"smb":[]}],"static_website":[],"tags":{}}}},{"address":"azurerm_subnet.sn","mode":"managed","type":"azurerm_subnet","name":"sn","provider_name":"registry.terraform.io/hashicorp/azurerm","change":{"actions":["no-op"],"before":{"address_prefix":"10.0.2.0/24","address_prefixes":["10.0.2.0/24"],"delegation":[],"enforce_private_link_endpoint_network_policies":false,"enforce_private_link_service_network_policies":false,"id":"/subscriptions/1375835e-2b78-4537-a5e6-b908baa10e0a/resourceGroups/mytfrgroup/providers/Microsoft.Network/virtualNetworks/mytfvnet/subnets/mytfsnet","name":"mytfsnet","resource_group_name":"mytfrgroup","service_endpoint_policy_ids":[],"service_endpoints":["Microsoft.Sql","Microsoft.Storage"],"timeouts":null,"virtual_network_name":"mytfvnet"},"after":{"address_prefix":"10.0.2.0/24","address_prefixes":["10.0.2.0/24"],"delegation":[],"enforce_private_link_endpoint_network_policies":false,"enforce_private_link_service_network_policies":false,"id":"/subscriptions/1375835e-2b78-4537-a5e6-b908baa10e0a/resourceGroups/mytfrgroup/providers/Microsoft.Network/virtualNetworks/mytfvnet/subnets/mytfsnet","name":"mytfsnet","resource_group_name":"mytfrgroup","service_endpoint_policy_ids":[],"service_endpoints":["Microsoft.Sql","Microsoft.Storage"],"timeouts":null,"virtual_network_name":"mytfvnet"},"after_unknown":{},"before_sensitive":{"address_prefixes":[false],"delegation":[],"service_endpoint_policy_ids":[],"service_endpoints":[false,false]},"after_sensitive":{"address_prefixes":[false],"delegation":[],"service_endpoint_policy_ids":[],"service_endpoints":[false,false]}}},{"address":"azurerm_virtual_network.vnet","mode":"managed","type":"azurerm_virtual_network","name":"vnet","provider_name":"registry.terraform.io/hashicorp/azurerm","change":{"actions":["no-op"],"before":{"address_space":["10.0.0.0/16"],"bgp_community":"","ddos_protection_plan":[],"dns_servers":[],"guid":"51935335-5bc6-484b-a70c-ccf9ce794118","id":"/subscriptions/1375835e-2b78-4537-a5e6-b908baa10e0a/resourceGroups/mytfrgroup/providers/Microsoft.Network/virtualNetworks/mytfvnet","location":"eastus","name":"mytfvnet","resource_group_name":"mytfrgroup","subnet":[{"address_prefix":"10.0.2.0/24","id":"/subscriptions/1375835e-2b78-4537-a5e6-b908baa10e0a/resourceGroups/mytfrgroup/providers/Microsoft.Network/virtualNetworks/mytfvnet/subnets/mytfsnet","name":"mytfsnet","security_group":""}],"tags":{},"timeouts":null,"vm_protection_enabled":false},"after":{"address_space":["10.0.0.0/16"],"bgp_community":"","ddos_protection_plan":[],"dns_servers":[],"guid":"51935335-5bc6-484b-a70c-ccf9ce794118","id":"/subscriptions/1375835e-2b78-4537-a5e6-b908baa10e0a/resourceGroups/mytfrgroup/providers/Microsoft.Network/virtualNetworks/mytfvnet","location":"eastus","name":"mytfvnet","resource_group_name":"mytfrgroup","subnet":[{"address_prefix":"10.0.2.0/24","id":"/subscriptions/1375835e-2b78-4537-a5e6-b908baa10e0a/resourceGroups/mytfrgroup/providers/Microsoft.Network/virtualNetworks/mytfvnet/subnets/mytfsnet","name":"mytfsnet","security_group":""}],"tags":{},"timeouts":null,"vm_protection_enabled":false},"after_unknown":{},"before_sensitive":{"address_space":[false],"ddos_protection_plan":[],"dns_servers":[],"subnet":[{}],"tags":{}},"after_sensitive":{"address_space":[false],"ddos_protection_plan":[],"dns_servers":[],"subnet":[{}],"tags":{}}}}],"prior_state":{"format_version":"0.2","terraform_version":"1.0.9","values":{"root_module":{"resources":[{"address":"azurerm_network_interface.nic","mode":"managed","type":"azurerm_network_interface","name":"nic","provider_name":"registry.terraform.io/hashicorp/azurerm","schema_version":0,"values":{"applied_dns_servers":[],"dns_servers":[],"enable_accelerated_networking":false,"enable_ip_forwarding":false,"id":"/subscriptions/1375835e-2b78-4537-a5e6-b908baa10e0a/resourceGroups/mytfrgroup/providers/Microsoft.Network/networkInterfaces/mytfnic","internal_dns_name_label":"","internal_domain_name_suffix":"","ip_configuration":[{"gateway_load_balancer_frontend_ip_configuration_id":"","name":"internal","primary":true,"private_ip_address":"10.0.2.4","private_ip_address_allocation":"Dynamic","private_ip_address_version":"IPv4","public_ip_address_id":"","subnet_id":"/subscriptions/1375835e-2b78-4537-a5e6-b908baa10e0a/resourceGroups/mytfrgroup/providers/Microsoft.Network/virtualNetworks/mytfvnet/subnets/mytfsnet"}],"location":"eastus","mac_address":"00-0D-3A-18-D4-7C","name":"mytfnic","private_ip_address":"10.0.2.4","private_ip_addresses":["10.0.2.4"],"resource_group_name":"mytfrgroup","tags":{},"timeouts":null,"virtual_machine_id":""},"sensitive_values":{"applied_dns_servers":[],"dns_servers":[],"ip_configuration":[{}],"private_ip_addresses":[false],"tags":{}},"depends_on":["azurerm_resource_group.rg","azurerm_subnet.sn","azurerm_virtual_network.vnet"]},{"address":"azurerm_network_security_group.nsg","mode":"managed","type":"azurerm_network_security_group","name":"nsg","provider_name":"registry.terraform.io/hashicorp/azurerm","schema_version":0,"values":{"id":"/subscriptions/1375835e-2b78-4537-a5e6-b908baa10e0a/resourceGroups/mytfrgroup/providers/Microsoft.Network/networkSecurityGroups/mytfnsgroup","location":"eastus","name":"mytfnsgroup","resource_group_name":"mytfrgroup","security_rule":[{"access":"Deny","description":"","destination_address_prefix":"*","destination_address_prefixes":[],"destination_application_security_group_ids":[],"destination_port_range":"*","destination_port_ranges":[],"direction":"Inbound","name":"udpdeny","priority":102,"protocol":"UDP","source_address_prefix":"*","source_address_prefixes":[],"source_application_security_group_ids":[],"source_port_range":"*","source_port_ranges":[]},{"access":"Deny","description":"","destination_address_prefix":"*","destination_address_prefixes":[],"destination_application_security_group_ids":[],"destination_port_range":"22","destination_port_ranges":[],"direction":"Inbound","name":"sshdeny","priority":101,"protocol":"TCP","source_address_prefix":"*","source_address_prefixes":[],"source_application_security_group_ids":[],"source_port_range":"*","source_port_ranges":[]},{"access":"Deny","description":"","destination_address_prefix":"*","destination_address_prefixes":[],"destination_application_security_group_ids":[],"destination_port_range":"3389","destination_port_ranges":[],"direction":"Inbound","name":"rdpdeny","priority":100,"protocol":"TCP","source_address_prefix":"*","source_address_prefixes":[],"source_application_security_group_ids":[],"source_port_range":"*","source_port_ranges":[]}],"tags":{"environment":"staging"},"timeouts":null},"sensitive_values":{"security_rule":[{"destination_address_prefixes":[],"destination_application_security_group_ids":[],"destination_port_ranges":[],"source_address_prefixes":[],"source_application_security_group_ids":[],"source_port_ranges":[]},{"destination_address_prefixes":[],"destination_application_security_group_ids":[],"destination_port_ranges":[],"source_address_prefixes":[],"source_application_security_group_ids":[],"source_port_ranges":[]},{"destination_address_prefixes":[],"destination_application_security_group_ids":[],"destination_port_ranges":[],"source_address_prefixes":[],"source_application_security_group_ids":[],"source_port_ranges":[]}],"tags":{}},"depends_on":["azurerm_resource_group.rg"]},{"address":"azurerm_network_security_rule.nsr[\"rdp\"]","mode":"managed","type":"azurerm_network_security_rule","name":"nsr","index":"rdp","provider_name":"registry.terraform.io/hashicorp/azurerm","schema_version":0,"values":{"access":"Deny","description":"","destination_address_prefix":"*","destination_address_prefixes":[],"destination_application_security_group_ids":[],"destination_port_range":"3389","destination_port_ranges":[],"direction":"Inbound","id":"/subscriptions/1375835e-2b78-4537-a5e6-b908baa10e0a/resourceGroups/mytfrgroup/providers/Microsoft.Network/networkSecurityGroups/mytfnsgroup/securityRules/rdpdeny","name":"rdpdeny","network_security_group_name":"mytfnsgroup","priority":100,"protocol":"TCP","resource_group_name":"mytfrgroup","source_address_prefix":"*","source_address_prefixes":[],"source_application_security_group_ids":[],"source_port_range":"*","source_port_ranges":[],"timeouts":null},"sensitive_values":{"destination_address_prefixes":[],"destination_application_security_group_ids":[],"destination_port_ranges":[],"source_address_prefixes":[],"source_application_security_group_ids":[],"source_port_ranges":[]},"depends_on":["azurerm_resource_group.rg","azurerm_network_security_group.nsg"]},{"address":"azurerm_network_security_rule.nsr[\"ssh\"]","mode":"managed","type":"azurerm_network_security_rule","name":"nsr","index":"ssh","provider_name":"registry.terraform.io/hashicorp/azurerm","schema_version":0,"values":{"access":"Deny","description":"","destination_address_prefix":"*","destination_address_prefixes":[],"destination_application_security_group_ids":[],"destination_port_range":"22","destination_port_ranges":[],"direction":"Inbound","id":"/subscriptions/1375835e-2b78-4537-a5e6-b908baa10e0a/resourceGroups/mytfrgroup/providers/Microsoft.Network/networkSecurityGroups/mytfnsgroup/securityRules/sshdeny","name":"sshdeny","network_security_group_name":"mytfnsgroup","priority":101,"protocol":"TCP","resource_group_name":"mytfrgroup","source_address_prefix":"*","source_address_prefixes":[],"source_application_security_group_ids":[],"source_port_range":"*","source_port_ranges":[],"timeouts":null},"sensitive_values":{"destination_address_prefixes":[],"destination_application_security_group_ids":[],"destination_port_ranges":[],"source_address_prefixes":[],"source_application_security_group_ids":[],"source_port_ranges":[]},"depends_on":["azurerm_resource_group.rg","azurerm_network_security_group.nsg"]},{"address":"azurerm_network_security_rule.nsr[\"udp\"]","mode":"managed","type":"azurerm_network_security_rule","name":"nsr","index":"udp","provider_name":"registry.terraform.io/hashicorp/azurerm","schema_version":0,"values":{"access":"Deny","description":"","destination_address_prefix":"*","destination_address_prefixes":[],"destination_application_security_group_ids":[],"destination_port_range":"*","destination_port_ranges":[],"direction":"Inbound","id":"/subscriptions/1375835e-2b78-4537-a5e6-b908baa10e0a/resourceGroups/mytfrgroup/providers/Microsoft.Network/networkSecurityGroups/mytfnsgroup/securityRules/udpdeny","name":"udpdeny","network_security_group_name":"mytfnsgroup","priority":102,"protocol":"UDP","resource_group_name":"mytfrgroup","source_address_prefix":"*","source_address_prefixes":[],"source_application_security_group_ids":[],"source_port_range":"*","source_port_ranges":[],"timeouts":null},"sensitive_values":{"destination_address_prefixes":[],"destination_application_security_group_ids":[],"destination_port_ranges":[],"source_address_prefixes":[],"source_application_security_group_ids":[],"source_port_ranges":[]},"depends_on":["azurerm_network_security_group.nsg","azurerm_resource_group.rg"]},{"address":"azurerm_resource_group.rg","mode":"managed","type":"azurerm_resource_group","name":"rg","provider_name":"registry.terraform.io/hashicorp/azurerm","schema_version":0,"values":{"id":"/subscriptions/1375835e-2b78-4537-a5e6-b908baa10e0a/resourceGroups/mytfrgroup","location":"eastus","name":"mytfrgroup","tags":{"Environment":"staging","Team":"DevOps"},"timeouts":null},"sensitive_values":{"tags":{}}},{"address":"azurerm_storage_account.sa","mode":"managed","type":"azurerm_storage_account","name":"sa","provider_name":"registry.terraform.io/hashicorp/azurerm","schema_version":2,"values":{"access_tier":"Hot","account_kind":"StorageV2","account_replication_type":"LRS","account_tier":"Standard","allow_blob_public_access":false,"azure_files_authentication":[],"blob_properties":[{"change_feed_enabled":false,"container_delete_retention_policy":[],"cors_rule":[],"default_service_version":"","delete_retention_policy":[{"days":11}],"last_access_time_enabled":false,"versioning_enabled":false}],"custom_domain":[],"enable_https_traffic_only":true,"id":"/subscriptions/1375835e-2b78-4537-a5e6-b908baa10e0a/resourceGroups/mytfrgroup/providers/Microsoft.Storage/storageAccounts/mytfsaccount","identity":[],"is_hns_enabled":false,"large_file_share_enabled":null,"location":"eastus","min_tls_version":"TLS1_0","name":"mytfsaccount","network_rules":[{"bypass":["Logging"],"default_action":"Deny","ip_rules":["100.0.0.1"],"private_link_access":[],"virtual_network_subnet_ids":["/subscriptions/1375835e-2b78-4537-a5e6-b908baa10e0a/resourceGroups/mytfrgroup/providers/Microsoft.Network/virtualNetworks/mytfvnet/subnets/mytfsnet"]}],"nfsv3_enabled":false,"primary_access_key":"QsMVf+Ub8nGT+6aBP+LPZgfDuGNGE7Nv87k+q2dy5WeCzdNtCW3OxRTT9wY7nvVFrSf0zRczI0HFcEfQ6x8ung==","primary_blob_connection_string":"DefaultEndpointsProtocol=https;BlobEndpoint=https://mytfsaccount.blob.core.windows.net/;AccountName=mytfsaccount;AccountKey=QsMVf+Ub8nGT+6aBP+LPZgfDuGNGE7Nv87k+q2dy5WeCzdNtCW3OxRTT9wY7nvVFrSf0zRczI0HFcEfQ6x8ung==","primary_blob_endpoint":"https://mytfsaccount.blob.core.windows.net/","primary_blob_host":"mytfsaccount.blob.core.windows.net","primary_connection_string":"DefaultEndpointsProtocol=https;AccountName=mytfsaccount;AccountKey=QsMVf+Ub8nGT+6aBP+LPZgfDuGNGE7Nv87k+q2dy5WeCzdNtCW3OxRTT9wY7nvVFrSf0zRczI0HFcEfQ6x8ung==;EndpointSuffix=core.windows.net","primary_dfs_endpoint":"https://mytfsaccount.dfs.core.windows.net/","primary_dfs_host":"mytfsaccount.dfs.core.windows.net","primary_file_endpoint":"https://mytfsaccount.file.core.windows.net/","primary_file_host":"mytfsaccount.file.core.windows.net","primary_location":"eastus","primary_queue_endpoint":"https://mytfsaccount.queue.core.windows.net/","primary_queue_host":"mytfsaccount.queue.core.windows.net","primary_table_endpoint":"https://mytfsaccount.table.core.windows.net/","primary_table_host":"mytfsaccount.table.core.windows.net","primary_web_endpoint":"https://mytfsaccount.z13.web.core.windows.net/","primary_web_host":"mytfsaccount.z13.web.core.windows.net","queue_properties":[{"cors_rule":[],"hour_metrics":[{"enabled":true,"include_apis":true,"retention_policy_days":7,"version":"1.0"}],"logging":[{"delete":false,"read":false,"retention_policy_days":0,"version":"1.0","write":false}],"minute_metrics":[{"enabled":false,"include_apis":false,"retention_policy_days":0,"version":"1.0"}]}],"resource_group_name":"mytfrgroup","routing":[],"secondary_access_key":"qIQ7k4yVkIX+z8Um3D9tDmSgOKFXA0dr0wsvJWAuPjKSuJNZ8B3OTaVCuQIERdM6RgAiGs/2xbxI5BCK4rI3Mw==","secondary_blob_connection_string":"","secondary_blob_endpoint":null,"secondary_blob_host":null,"secondary_connection_string":"DefaultEndpointsProtocol=https;AccountName=mytfsaccount;AccountKey=qIQ7k4yVkIX+z8Um3D9tDmSgOKFXA0dr0wsvJWAuPjKSuJNZ8B3OTaVCuQIERdM6RgAiGs/2xbxI5BCK4rI3Mw==;EndpointSuffix=core.windows.net","secondary_dfs_endpoint":null,"secondary_dfs_host":null,"secondary_file_endpoint":null,"secondary_file_host":null,"secondary_location":"","secondary_queue_endpoint":null,"secondary_queue_host":null,"secondary_table_endpoint":null,"secondary_table_host":null,"secondary_web_endpoint":null,"secondary_web_host":null,"share_properties":[{"cors_rule":[],"retention_policy":[{"days":7}],"smb":[]}],"shared_access_key_enabled":true,"static_website":[],"tags":{"environment":"staging"},"timeouts":null},"sensitive_values":{"azure_files_authentication":[],"blob_properties":[{"container_delete_retention_policy":[],"cors_rule":[],"delete_retention_policy":[{}]}],"custom_domain":[],"identity":[],"network_rules":[{"bypass":[false],"ip_rules":[false],"private_link_access":[],"virtual_network_subnet_ids":[false]}],"queue_properties":[{"cors_rule":[],"hour_metrics":[{}],"logging":[{}],"minute_metrics":[{}]}],"routing":[],"share_properties":[{"cors_rule":[],"retention_policy":[{}],"smb":[]}],"static_website":[],"tags":{}},"depends_on":["azurerm_resource_group.rg","azurerm_subnet.sn","azurerm_virtual_network.vnet"]},{"address":"azurerm_subnet.sn","mode":"managed","type":"azurerm_subnet","name":"sn","provider_name":"registry.terraform.io/hashicorp/azurerm","schema_version":0,"values":{"address_prefix":"10.0.2.0/24","address_prefixes":["10.0.2.0/24"],"delegation":[],"enforce_private_link_endpoint_network_policies":false,"enforce_private_link_service_network_policies":false,"id":"/subscriptions/1375835e-2b78-4537-a5e6-b908baa10e0a/resourceGroups/mytfrgroup/providers/Microsoft.Network/virtualNetworks/mytfvnet/subnets/mytfsnet","name":"mytfsnet","resource_group_name":"mytfrgroup","service_endpoint_policy_ids":[],"service_endpoints":["Microsoft.Sql","Microsoft.Storage"],"timeouts":null,"virtual_network_name":"mytfvnet"},"sensitive_values":{"address_prefixes":[false],"delegation":[],"service_endpoint_policy_ids":[],"service_endpoints":[false,false]},"depends_on":["azurerm_resource_group.rg","azurerm_virtual_network.vnet"]},{"address":"azurerm_virtual_network.vnet","mode":"managed","type":"azurerm_virtual_network","name":"vnet","provider_name":"registry.terraform.io/hashicorp/azurerm","schema_version":0,"values":{"address_space":["10.0.0.0/16"],"bgp_community":"","ddos_protection_plan":[],"dns_servers":[],"guid":"51935335-5bc6-484b-a70c-ccf9ce794118","id":"/subscriptions/1375835e-2b78-4537-a5e6-b908baa10e0a/resourceGroups/mytfrgroup/providers/Microsoft.Network/virtualNetworks/mytfvnet","location":"eastus","name":"mytfvnet","resource_group_name":"mytfrgroup","subnet":[{"address_prefix":"10.0.2.0/24","id":"/subscriptions/1375835e-2b78-4537-a5e6-b908baa10e0a/resourceGroups/mytfrgroup/providers/Microsoft.Network/virtualNetworks/mytfvnet/subnets/mytfsnet","name":"mytfsnet","security_group":""}],"tags":{},"timeouts":null,"vm_protection_enabled":false},"sensitive_values":{"address_space":[false],"ddos_protection_plan":[],"dns_servers":[],"subnet":[{}],"tags":{}},"depends_on":["azurerm_resource_group.rg"]}]}}},"configuration":{"provider_config":{"azurerm":{"name":"azurerm","version_constraint":"~\u003e 2.65","expressions":{"features":[{}]}}},"root_module":{"resources":[{"address":"azurerm_linux_virtual_machine.exceptionsvm2","mode":"managed","type":"azurerm_linux_virtual_machine","name":"exceptionsvm2","provider_config_key":"azurerm","expressions":{"admin_password":{"constant_value":"Ub@!d!lyas99"},"admin_username":{"constant_value":"ubaidilyas"},"disable_password_authentication":{"constant_value":false},"location":{"references":["azurerm_resource_group.rg.location","azurerm_resource_group.rg"]},"name":{"constant_value":"exceptionsvm2"},"network_interface_ids":{"references":["azurerm_network_interface.nic.id","azurerm_network_interface.nic"]},"os_disk":[{"caching":{"constant_value":"ReadWrite"},"storage_account_type":{"constant_value":"Standard_LRS"}}],"resource_group_name":{"references":["azurerm_resource_group.rg.name","azurerm_resource_group.rg"]},"size":{"constant_value":"Standard_F5"},"source_image_reference":[{"offer":{"constant_value":"UbuntuServer"},"publisher":{"constant_value":"Canonical"},"sku":{"constant_value":"16.04-LTS"},"version":{"constant_value":"latest"}}]},"schema_version":0},{"address":"azurerm_linux_virtual_machine.vmexception","mode":"managed","type":"azurerm_linux_virtual_machine","name":"vmexception","provider_config_key":"azurerm","expressions":{"admin_password":{"constant_value":"Ub@!d!lyas99"},"admin_username":{"constant_value":"ubaidilyas"},"disable_password_authentication":{"constant_value":false},"location":{"references":["azurerm_resource_group.rg.location","azurerm_resource_group.rg"]},"name":{"constant_value":"exceptionsvm"},"network_interface_ids":{"references":["azurerm_network_interface.nic.id","azurerm_network_interface.nic"]},"os_disk":[{"caching":{"constant_value":"ReadWrite"},"storage_account_type":{"constant_value":"Standard_LRS"}}],"resource_group_name":{"references":["azurerm_resource_group.rg.name","azurerm_resource_group.rg"]},"size":{"constant_value":"Standard_F4"},"source_image_reference":[{"offer":{"constant_value":"UbuntuServer"},"publisher":{"constant_value":"Canonical"},"sku":{"constant_value":"16.04-LTS"},"version":{"constant_value":"latest"}}]},"schema_version":0},{"address":"azurerm_network_interface.nic","mode":"managed","type":"azurerm_network_interface","name":"nic","provider_config_key":"azurerm","expressions":{"ip_configuration":[{"name":{"constant_value":"internal"},"private_ip_address_allocation":{"constant_value":"Dynamic"},"subnet_id":{"references":["azurerm_subnet.sn.id","azurerm_subnet.sn"]}}],"location":{"references":["azurerm_resource_group.rg.location","azurerm_resource_group.rg"]},"name":{"constant_value":"mytfnic"},"resource_group_name":{"references":["azurerm_resource_group.rg.name","azurerm_resource_group.rg"]}},"schema_version":0},{"address":"azurerm_network_security_group.nsg","mode":"managed","type":"azurerm_network_security_group","name":"nsg","provider_config_key":"azurerm","expressions":{"location":{"references":["azurerm_resource_group.rg.location","azurerm_resource_group.rg"]},"name":{"constant_value":"mytfnsgroup"},"resource_group_name":{"references":["azurerm_resource_group.rg.name","azurerm_resource_group.rg"]},"tags":{"constant_value":{"environment":"staging"}}},"schema_version":0},{"address":"azurerm_network_security_rule.nsr","mode":"managed","type":"azurerm_network_security_rule","name":"nsr","provider_config_key":"azurerm","expressions":{"access":{"references":["each.value.access","each.value"]},"destination_address_prefix":{"references":["each.value.destination_address_prefix","each.value"]},"destination_port_range":{"references":["each.value.destination_port_range","each.value"]},"direction":{"references":["each.value.direction","each.value"]},"name":{"references":["each.value.name","each.value"]},"network_security_group_name":{"references":["azurerm_network_security_group.nsg.name","azurerm_network_security_group.nsg"]},"priority":{"references":["each.value.priority","each.value"]},"protocol":{"references":["each.value.protocol","each.value"]},"resource_group_name":{"references":["azurerm_resource_group.rg.name","azurerm_resource_group.rg"]},"source_address_prefix":{"references":["each.value.source_address_prefix","each.value"]},"source_port_range":{"references":["each.value.source_port_range","each.value"]}},"schema_version":0,"for_each_expression":{"references":["local.nsgrules"]}},{"address":"azurerm_resource_group.rg","mode":"managed","type":"azurerm_resource_group","name":"rg","provider_config_key":"azurerm","expressions":{"location":{"constant_value":"eastus"},"name":{"constant_value":"mytfrgroup"},"tags":{"constant_value":{"Environment":"staging","Team":"DevOps"}}},"schema_version":0},{"address":"azurerm_storage_account.sa","mode":"managed","type":"azurerm_storage_account","name":"sa","provider_config_key":"azurerm","expressions":{"account_replication_type":{"constant_value":"LRS"},"account_tier":{"constant_value":"Standard"},"allow_blob_public_access":{"constant_value":false},"blob_properties":[{"delete_retention_policy":[{"days":{"constant_value":"11"}}]}],"enable_https_traffic_only":{"constant_value":true},"location":{"references":["azurerm_resource_group.rg.location","azurerm_resource_group.rg"]},"name":{"constant_value":"mytfsaccount"},"network_rules":[{"bypass":{"constant_value":["AzureServices","Logging"]},"default_action":{"constant_value":"Deny"},"ip_rules":{"constant_value":["100.0.0.1"]},"virtual_network_subnet_ids":{"references":["azurerm_subnet.sn.id","azurerm_subnet.sn"]}}],"resource_group_name":{"references":["azurerm_resource_group.rg.name","azurerm_resource_group.rg"]},"tags":{"constant_value":{"environment":"staging"}}},"schema_version":2},{"address":"azurerm_subnet.sn","mode":"managed","type":"azurerm_subnet","name":"sn","provider_config_key":"azurerm","expressions":{"address_prefixes":{"constant_value":["10.0.2.0/24"]},"name":{"constant_value":"mytfsnet"},"resource_group_name":{"references":["azurerm_resource_group.rg.name","azurerm_resource_group.rg"]},"service_endpoints":{"constant_value":["Microsoft.Sql","Microsoft.Storage"]},"virtual_network_name":{"references":["azurerm_virtual_network.vnet.name","azurerm_virtual_network.vnet"]}},"schema_version":0},{"address":"azurerm_virtual_network.vnet","mode":"managed","type":"azurerm_virtual_network","name":"vnet","provider_config_key":"azurerm","expressions":{"address_space":{"constant_value":["10.0.0.0/16"]},"location":{"references":["azurerm_resource_group.rg.location","azurerm_resource_group.rg"]},"name":{"constant_value":"mytfvnet"},"resource_group_name":{"references":["azurerm_resource_group.rg.name","azurerm_resource_group.rg"]}},"schema_version":0}]}}}
