{"format_version":"0.2","terraform_version":"1.0.9","planned_values":{"root_module":{"resources":[{"address":"azurerm_linux_virtual_machine.vm","mode":"managed","type":"azurerm_linux_virtual_machine","name":"vm","provider_name":"registry.terraform.io/hashicorp/azurerm","schema_version":0,"values":{"additional_capabilities":[],"admin_password":"Ub@!d!lyas99","admin_ssh_key":[],"admin_username":"ubaidilyas","allow_extension_operations":true,"availability_set_id":null,"boot_diagnostics":[],"custom_data":null,"dedicated_host_id":null,"disable_password_authentication":false,"encryption_at_host_enabled":null,"eviction_policy":null,"extensions_time_budget":"PT1H30M","identity":[],"license_type":null,"location":"eastus","max_bid_price":-1,"name":"mytfvmlinux","os_disk":[{"caching":"ReadWrite","diff_disk_settings":[],"disk_encryption_set_id":null,"storage_account_type":"Standard_LRS","write_accelerator_enabled":false}],"plan":[],"platform_fault_domain":-1,"priority":"Regular","provision_vm_agent":true,"proximity_placement_group_id":null,"resource_group_name":"mytfrgroup","secret":[],"size":"Standard_F2","source_image_id":null,"source_image_reference":[{"offer":"UbuntuServer","publisher":"Canonical","sku":"16.04-LTS","version":"latest"}],"tags":null,"timeouts":null,"virtual_machine_scale_set_id":null},"sensitive_values":{"additional_capabilities":[],"admin_ssh_key":[],"boot_diagnostics":[],"identity":[],"network_interface_ids":[],"os_disk":[{"diff_disk_settings":[]}],"plan":[],"private_ip_addresses":[],"public_ip_addresses":[],"secret":[],"source_image_reference":[{}]}},{"address":"azurerm_linux_virtual_machine.vmexception","mode":"managed","type":"azurerm_linux_virtual_machine","name":"vmexception","provider_name":"registry.terraform.io/hashicorp/azurerm","schema_version":0,"values":{"additional_capabilities":[],"admin_password":"Ub@!d!lyas99","admin_ssh_key":[],"admin_username":"ubaidilyas","allow_extension_operations":true,"availability_set_id":null,"boot_diagnostics":[],"custom_data":null,"dedicated_host_id":null,"disable_password_authentication":false,"encryption_at_host_enabled":null,"eviction_policy":null,"extensions_time_budget":"PT1H30M","identity":[],"license_type":null,"location":"eastus","max_bid_price":-1,"name":"mytfexceptionvm4","os_disk":[{"caching":"ReadWrite","diff_disk_settings":[],"disk_encryption_set_id":null,"storage_account_type":"Standard_LRS","write_accelerator_enabled":false}],"plan":[],"platform_fault_domain":-1,"priority":"Regular","provision_vm_agent":true,"proximity_placement_group_id":null,"resource_group_name":"mytfrgroup","secret":[],"size":"Standard_F2","source_image_id":null,"source_image_reference":[{"offer":"UbuntuServer","publisher":"Canonical","sku":"16.04-LTS","version":"latest"}],"tags":null,"timeouts":null,"virtual_machine_scale_set_id":null},"sensitive_values":{"additional_capabilities":[],"admin_ssh_key":[],"boot_diagnostics":[],"identity":[],"network_interface_ids":[],"os_disk":[{"diff_disk_settings":[]}],"plan":[],"private_ip_addresses":[],"public_ip_addresses":[],"secret":[],"source_image_reference":[{}]}},{"address":"azurerm_network_interface.nic","mode":"managed","type":"azurerm_network_interface","name":"nic","provider_name":"registry.terraform.io/hashicorp/azurerm","schema_version":0,"values":{"enable_accelerated_networking":false,"enable_ip_forwarding":false,"ip_configuration":[{"name":"internal","private_ip_address_allocation":"dynamic","private_ip_address_version":"IPv4","public_ip_address_id":null}],"location":"eastus","name":"mytfnic","resource_group_name":"mytfrgroup","tags":null,"timeouts":null},"sensitive_values":{"applied_dns_servers":[],"dns_servers":[],"ip_configuration":[{}],"private_ip_addresses":[]}},{"address":"azurerm_network_security_group.nsg","mode":"managed","type":"azurerm_network_security_group","name":"nsg","provider_name":"registry.terraform.io/hashicorp/azurerm","schema_version":0,"values":{"location":"eastus","name":"mytfnsgroup","resource_group_name":"mytfrgroup","tags":{"environment":"staging"},"timeouts":null},"sensitive_values":{"security_rule":[],"tags":{}}},{"address":"azurerm_network_security_rule.nsr[\"rdp\"]","mode":"managed","type":"azurerm_network_security_rule","name":"nsr","index":"rdp","provider_name":"registry.terraform.io/hashicorp/azurerm","schema_version":0,"values":{"access":"Deny","description":null,"destination_address_prefix":"*","destination_address_prefixes":null,"destination_application_security_group_ids":null,"destination_port_range":"3389","destination_port_ranges":null,"direction":"Inbound","name":"rdpdeny","network_security_group_name":"mytfnsgroup","priority":100,"protocol":"TCP","resource_group_name":"mytfrgroup","source_address_prefix":"*","source_address_prefixes":null,"source_application_security_group_ids":null,"source_port_range":"*","source_port_ranges":null,"timeouts":null},"sensitive_values":{}},{"address":"azurerm_network_security_rule.nsr[\"ssh\"]","mode":"managed","type":"azurerm_network_security_rule","name":"nsr","index":"ssh","provider_name":"registry.terraform.io/hashicorp/azurerm","schema_version":0,"values":{"access":"Deny","description":null,"destination_address_prefix":"*","destination_address_prefixes":null,"destination_application_security_group_ids":null,"destination_port_range":"22","destination_port_ranges":null,"direction":"Inbound","name":"sshdeny","network_security_group_name":"mytfnsgroup","priority":101,"protocol":"TCP","resource_group_name":"mytfrgroup","source_address_prefix":"*","source_address_prefixes":null,"source_application_security_group_ids":null,"source_port_range":"*","source_port_ranges":null,"timeouts":null},"sensitive_values":{}},{"address":"azurerm_network_security_rule.nsr[\"udp\"]","mode":"managed","type":"azurerm_network_security_rule","name":"nsr","index":"udp","provider_name":"registry.terraform.io/hashicorp/azurerm","schema_version":0,"values":{"access":"Deny","description":null,"destination_address_prefix":"*","destination_address_prefixes":null,"destination_application_security_group_ids":null,"destination_port_range":"*","destination_port_ranges":null,"direction":"Inbound","name":"udpdeny","network_security_group_name":"mytfnsgroup","priority":102,"protocol":"UDP","resource_group_name":"mytfrgroup","source_address_prefix":"*","source_address_prefixes":null,"source_application_security_group_ids":null,"source_port_range":"*","source_port_ranges":null,"timeouts":null},"sensitive_values":{}},{"address":"azurerm_resource_group.rg","mode":"managed","type":"azurerm_resource_group","name":"rg","provider_name":"registry.terraform.io/hashicorp/azurerm","schema_version":0,"values":{"location":"eastus","name":"mytfrgroup","tags":{"Environment":"staging","Team":"DevOps"},"timeouts":null},"sensitive_values":{"tags":{}}},{"address":"azurerm_storage_account.sa","mode":"managed","type":"azurerm_storage_account","name":"sa","provider_name":"registry.terraform.io/hashicorp/azurerm","schema_version":2,"values":{"account_kind":"StorageV2","account_replication_type":"LRS","account_tier":"Standard","allow_blob_public_access":false,"azure_files_authentication":[],"blob_properties":[{"change_feed_enabled":false,"container_delete_retention_policy":[],"cors_rule":[],"delete_retention_policy":[{"days":12}],"last_access_time_enabled":false,"versioning_enabled":false}],"custom_domain":[],"enable_https_traffic_only":true,"is_hns_enabled":false,"location":"eastus","min_tls_version":"TLS1_0","name":"mytfsaccount","network_rules":[{"bypass":["AzureServices","Logging"],"default_action":"Deny","ip_rules":["100.0.0.1"],"private_link_access":[]}],"nfsv3_enabled":false,"resource_group_name":"mytfrgroup","shared_access_key_enabled":true,"static_website":[],"tags":{"environment":"staging"},"timeouts":null},"sensitive_values":{"azure_files_authentication":[],"blob_properties":[{"container_delete_retention_policy":[],"cors_rule":[],"delete_retention_policy":[{}]}],"custom_domain":[],"identity":[],"network_rules":[{"bypass":[false,false],"ip_rules":[false],"private_link_access":[],"virtual_network_subnet_ids":[]}],"queue_properties":[],"routing":[],"share_properties":[],"static_website":[],"tags":{}}},{"address":"azurerm_subnet.sn","mode":"managed","type":"azurerm_subnet","name":"sn","provider_name":"registry.terraform.io/hashicorp/azurerm","schema_version":0,"values":{"address_prefixes":["10.0.2.0/24"],"delegation":[],"enforce_private_link_endpoint_network_policies":false,"enforce_private_link_service_network_policies":false,"name":"mytfsnet","resource_group_name":"mytfrgroup","service_endpoint_policy_ids":null,"service_endpoints":["Microsoft.Sql","Microsoft.Storage"],"timeouts":null,"virtual_network_name":"mytfvnet"},"sensitive_values":{"address_prefixes":[false],"delegation":[],"service_endpoints":[false,false]}},{"address":"azurerm_virtual_network.vnet","mode":"managed","type":"azurerm_virtual_network","name":"vnet","provider_name":"registry.terraform.io/hashicorp/azurerm","schema_version":0,"values":{"address_space":["10.0.0.0/16"],"bgp_community":null,"ddos_protection_plan":[],"location":"eastus","name":"mytfvnet","resource_group_name":"mytfrgroup","tags":null,"timeouts":null,"vm_protection_enabled":false},"sensitive_values":{"address_space":[false],"ddos_protection_plan":[],"dns_servers":[],"subnet":[]}}]}},"resource_changes":[{"address":"azurerm_linux_virtual_machine.vm","mode":"managed","type":"azurerm_linux_virtual_machine","name":"vm","provider_name":"registry.terraform.io/hashicorp/azurerm","change":{"actions":["create"],"before":null,"after":{"additional_capabilities":[],"admin_password":"Ub@!d!lyas99","admin_ssh_key":[],"admin_username":"ubaidilyas","allow_extension_operations":true,"availability_set_id":null,"boot_diagnostics":[],"custom_data":null,"dedicated_host_id":null,"disable_password_authentication":false,"encryption_at_host_enabled":null,"eviction_policy":null,"extensions_time_budget":"PT1H30M","identity":[],"license_type":null,"location":"eastus","max_bid_price":-1,"name":"mytfvmlinux","os_disk":[{"caching":"ReadWrite","diff_disk_settings":[],"disk_encryption_set_id":null,"storage_account_type":"Standard_LRS","write_accelerator_enabled":false}],"plan":[],"platform_fault_domain":-1,"priority":"Regular","provision_vm_agent":true,"proximity_placement_group_id":null,"resource_group_name":"mytfrgroup","secret":[],"size":"Standard_F2","source_image_id":null,"source_image_reference":[{"offer":"UbuntuServer","publisher":"Canonical","sku":"16.04-LTS","version":"latest"}],"tags":null,"timeouts":null,"virtual_machine_scale_set_id":null},"after_unknown":{"additional_capabilities":[],"admin_ssh_key":[],"boot_diagnostics":[],"computer_name":true,"id":true,"identity":[],"network_interface_ids":true,"os_disk":[{"diff_disk_settings":[],"disk_size_gb":true,"name":true}],"plan":[],"private_ip_address":true,"private_ip_addresses":true,"public_ip_address":true,"public_ip_addresses":true,"secret":[],"source_image_reference":[{}],"virtual_machine_id":true,"zone":true},"before_sensitive":false,"after_sensitive":{"additional_capabilities":[],"admin_password":true,"admin_ssh_key":[],"boot_diagnostics":[],"custom_data":true,"identity":[],"network_interface_ids":[],"os_disk":[{"diff_disk_settings":[]}],"plan":[],"private_ip_addresses":[],"public_ip_addresses":[],"secret":[],"source_image_reference":[{}]}}},{"address":"azurerm_linux_virtual_machine.vmexception","mode":"managed","type":"azurerm_linux_virtual_machine","name":"vmexception","provider_name":"registry.terraform.io/hashicorp/azurerm","change":{"actions":["create"],"before":null,"after":{"additional_capabilities":[],"admin_password":"Ub@!d!lyas99","admin_ssh_key":[],"admin_username":"ubaidilyas","allow_extension_operations":true,"availability_set_id":null,"boot_diagnostics":[],"custom_data":null,"dedicated_host_id":null,"disable_password_authentication":false,"encryption_at_host_enabled":null,"eviction_policy":null,"extensions_time_budget":"PT1H30M","identity":[],"license_type":null,"location":"eastus","max_bid_price":-1,"name":"mytfexceptionvm4","os_disk":[{"caching":"ReadWrite","diff_disk_settings":[],"disk_encryption_set_id":null,"storage_account_type":"Standard_LRS","write_accelerator_enabled":false}],"plan":[],"platform_fault_domain":-1,"priority":"Regular","provision_vm_agent":true,"proximity_placement_group_id":null,"resource_group_name":"mytfrgroup","secret":[],"size":"Standard_F2","source_image_id":null,"source_image_reference":[{"offer":"UbuntuServer","publisher":"Canonical","sku":"16.04-LTS","version":"latest"}],"tags":null,"timeouts":null,"virtual_machine_scale_set_id":null},"after_unknown":{"additional_capabilities":[],"admin_ssh_key":[],"boot_diagnostics":[],"computer_name":true,"id":true,"identity":[],"network_interface_ids":true,"os_disk":[{"diff_disk_settings":[],"disk_size_gb":true,"name":true}],"plan":[],"private_ip_address":true,"private_ip_addresses":true,"public_ip_address":true,"public_ip_addresses":true,"secret":[],"source_image_reference":[{}],"virtual_machine_id":true,"zone":true},"before_sensitive":false,"after_sensitive":{"additional_capabilities":[],"admin_password":true,"admin_ssh_key":[],"boot_diagnostics":[],"custom_data":true,"identity":[],"network_interface_ids":[],"os_disk":[{"diff_disk_settings":[]}],"plan":[],"private_ip_addresses":[],"public_ip_addresses":[],"secret":[],"source_image_reference":[{}]}}},{"address":"azurerm_network_interface.nic","mode":"managed","type":"azurerm_network_interface","name":"nic","provider_name":"registry.terraform.io/hashicorp/azurerm","change":{"actions":["create"],"before":null,"after":{"enable_accelerated_networking":false,"enable_ip_forwarding":false,"ip_configuration":[{"name":"internal","private_ip_address_allocation":"dynamic","private_ip_address_version":"IPv4","public_ip_address_id":null}],"location":"eastus","name":"mytfnic","resource_group_name":"mytfrgroup","tags":null,"timeouts":null},"after_unknown":{"applied_dns_servers":true,"dns_servers":true,"id":true,"internal_dns_name_label":true,"internal_domain_name_suffix":true,"ip_configuration":[{"gateway_load_balancer_frontend_ip_configuration_id":true,"primary":true,"private_ip_address":true,"subnet_id":true}],"mac_address":true,"private_ip_address":true,"private_ip_addresses":true,"virtual_machine_id":true},"before_sensitive":false,"after_sensitive":{"applied_dns_servers":[],"dns_servers":[],"ip_configuration":[{}],"private_ip_addresses":[]}}},{"address":"azurerm_network_security_group.nsg","mode":"managed","type":"azurerm_network_security_group","name":"nsg","provider_name":"registry.terraform.io/hashicorp/azurerm","change":{"actions":["create"],"before":null,"after":{"location":"eastus","name":"mytfnsgroup","resource_group_name":"mytfrgroup","tags":{"environment":"staging"},"timeouts":null},"after_unknown":{"id":true,"security_rule":true,"tags":{}},"before_sensitive":false,"after_sensitive":{"security_rule":[],"tags":{}}}},{"address":"azurerm_network_security_rule.nsr[\"rdp\"]","mode":"managed","type":"azurerm_network_security_rule","name":"nsr","index":"rdp","provider_name":"registry.terraform.io/hashicorp/azurerm","change":{"actions":["create"],"before":null,"after":{"access":"Deny","description":null,"destination_address_prefix":"*","destination_address_prefixes":null,"destination_application_security_group_ids":null,"destination_port_range":"3389","destination_port_ranges":null,"direction":"Inbound","name":"rdpdeny","network_security_group_name":"mytfnsgroup","priority":100,"protocol":"TCP","resource_group_name":"mytfrgroup","source_address_prefix":"*","source_address_prefixes":null,"source_application_security_group_ids":null,"source_port_range":"*","source_port_ranges":null,"timeouts":null},"after_unknown":{"id":true},"before_sensitive":false,"after_sensitive":{}}},{"address":"azurerm_network_security_rule.nsr[\"ssh\"]","mode":"managed","type":"azurerm_network_security_rule","name":"nsr","index":"ssh","provider_name":"registry.terraform.io/hashicorp/azurerm","change":{"actions":["create"],"before":null,"after":{"access":"Deny","description":null,"destination_address_prefix":"*","destination_address_prefixes":null,"destination_application_security_group_ids":null,"destination_port_range":"22","destination_port_ranges":null,"direction":"Inbound","name":"sshdeny","network_security_group_name":"mytfnsgroup","priority":101,"protocol":"TCP","resource_group_name":"mytfrgroup","source_address_prefix":"*","source_address_prefixes":null,"source_application_security_group_ids":null,"source_port_range":"*","source_port_ranges":null,"timeouts":null},"after_unknown":{"id":true},"before_sensitive":false,"after_sensitive":{}}},{"address":"azurerm_network_security_rule.nsr[\"udp\"]","mode":"managed","type":"azurerm_network_security_rule","name":"nsr","index":"udp","provider_name":"registry.terraform.io/hashicorp/azurerm","change":{"actions":["create"],"before":null,"after":{"access":"Deny","description":null,"destination_address_prefix":"*","destination_address_prefixes":null,"destination_application_security_group_ids":null,"destination_port_range":"*","destination_port_ranges":null,"direction":"Inbound","name":"udpdeny","network_security_group_name":"mytfnsgroup","priority":102,"protocol":"UDP","resource_group_name":"mytfrgroup","source_address_prefix":"*","source_address_prefixes":null,"source_application_security_group_ids":null,"source_port_range":"*","source_port_ranges":null,"timeouts":null},"after_unknown":{"id":true},"before_sensitive":false,"after_sensitive":{}}},{"address":"azurerm_resource_group.rg","mode":"managed","type":"azurerm_resource_group","name":"rg","provider_name":"registry.terraform.io/hashicorp/azurerm","change":{"actions":["create"],"before":null,"after":{"location":"eastus","name":"mytfrgroup","tags":{"Environment":"staging","Team":"DevOps"},"timeouts":null},"after_unknown":{"id":true,"tags":{}},"before_sensitive":false,"after_sensitive":{"tags":{}}}},{"address":"azurerm_storage_account.sa","mode":"managed","type":"azurerm_storage_account","name":"sa","provider_name":"registry.terraform.io/hashicorp/azurerm","change":{"actions":["create"],"before":null,"after":{"account_kind":"StorageV2","account_replication_type":"LRS","account_tier":"Standard","allow_blob_public_access":false,"azure_files_authentication":[],"blob_properties":[{"change_feed_enabled":false,"container_delete_retention_policy":[],"cors_rule":[],"delete_retention_policy":[{"days":12}],"last_access_time_enabled":false,"versioning_enabled":false}],"custom_domain":[],"enable_https_traffic_only":true,"is_hns_enabled":false,"location":"eastus","min_tls_version":"TLS1_0","name":"mytfsaccount","network_rules":[{"bypass":["AzureServices","Logging"],"default_action":"Deny","ip_rules":["100.0.0.1"],"private_link_access":[]}],"nfsv3_enabled":false,"resource_group_name":"mytfrgroup","shared_access_key_enabled":true,"static_website":[],"tags":{"environment":"staging"},"timeouts":null},"after_unknown":{"access_tier":true,"azure_files_authentication":[],"blob_properties":[{"container_delete_retention_policy":[],"cors_rule":[],"default_service_version":true,"delete_retention_policy":[{}]}],"custom_domain":[],"id":true,"identity":true,"large_file_share_enabled":true,"network_rules":[{"bypass":[false,false],"ip_rules":[false],"private_link_access":[],"virtual_network_subnet_ids":true}],"primary_access_key":true,"primary_blob_connection_string":true,"primary_blob_endpoint":true,"primary_blob_host":true,"primary_connection_string":true,"primary_dfs_endpoint":true,"primary_dfs_host":true,"primary_file_endpoint":true,"primary_file_host":true,"primary_location":true,"primary_queue_endpoint":true,"primary_queue_host":true,"primary_table_endpoint":true,"primary_table_host":true,"primary_web_endpoint":true,"primary_web_host":true,"queue_properties":true,"routing":true,"secondary_access_key":true,"secondary_blob_connection_string":true,"secondary_blob_endpoint":true,"secondary_blob_host":true,"secondary_connection_string":true,"secondary_dfs_endpoint":true,"secondary_dfs_host":true,"secondary_file_endpoint":true,"secondary_file_host":true,"secondary_location":true,"secondary_queue_endpoint":true,"secondary_queue_host":true,"secondary_table_endpoint":true,"secondary_table_host":true,"secondary_web_endpoint":true,"secondary_web_host":true,"share_properties":true,"static_website":[],"tags":{}},"before_sensitive":false,"after_sensitive":{"azure_files_authentication":[],"blob_properties":[{"container_delete_retention_policy":[],"cors_rule":[],"delete_retention_policy":[{}]}],"custom_domain":[],"identity":[],"network_rules":[{"bypass":[false,false],"ip_rules":[false],"private_link_access":[],"virtual_network_subnet_ids":[]}],"primary_access_key":true,"primary_blob_connection_string":true,"primary_connection_string":true,"queue_properties":[],"routing":[],"secondary_access_key":true,"secondary_blob_connection_string":true,"secondary_connection_string":true,"share_properties":[],"static_website":[],"tags":{}}}},{"address":"azurerm_subnet.sn","mode":"managed","type":"azurerm_subnet","name":"sn","provider_name":"registry.terraform.io/hashicorp/azurerm","change":{"actions":["create"],"before":null,"after":{"address_prefixes":["10.0.2.0/24"],"delegation":[],"enforce_private_link_endpoint_network_policies":false,"enforce_private_link_service_network_policies":false,"name":"mytfsnet","resource_group_name":"mytfrgroup","service_endpoint_policy_ids":null,"service_endpoints":["Microsoft.Sql","Microsoft.Storage"],"timeouts":null,"virtual_network_name":"mytfvnet"},"after_unknown":{"address_prefix":true,"address_prefixes":[false],"delegation":[],"id":true,"service_endpoints":[false,false]},"before_sensitive":false,"after_sensitive":{"address_prefixes":[false],"delegation":[],"service_endpoints":[false,false]}}},{"address":"azurerm_virtual_network.vnet","mode":"managed","type":"azurerm_virtual_network","name":"vnet","provider_name":"registry.terraform.io/hashicorp/azurerm","change":{"actions":["create"],"before":null,"after":{"address_space":["10.0.0.0/16"],"bgp_community":null,"ddos_protection_plan":[],"location":"eastus","name":"mytfvnet","resource_group_name":"mytfrgroup","tags":null,"timeouts":null,"vm_protection_enabled":false},"after_unknown":{"address_space":[false],"ddos_protection_plan":[],"dns_servers":true,"guid":true,"id":true,"subnet":true},"before_sensitive":false,"after_sensitive":{"address_space":[false],"ddos_protection_plan":[],"dns_servers":[],"subnet":[]}}}],"configuration":{"provider_config":{"azurerm":{"name":"azurerm","version_constraint":"~\u003e 2.65","expressions":{"features":[{}]}}},"root_module":{"resources":[{"address":"azurerm_linux_virtual_machine.vm","mode":"managed","type":"azurerm_linux_virtual_machine","name":"vm","provider_config_key":"azurerm","expressions":{"admin_password":{"constant_value":"Ub@!d!lyas99"},"admin_username":{"constant_value":"ubaidilyas"},"disable_password_authentication":{"constant_value":false},"location":{"references":["azurerm_resource_group.rg.location","azurerm_resource_group.rg"]},"name":{"constant_value":"mytfvmlinux"},"network_interface_ids":{"references":["azurerm_network_interface.nic.id","azurerm_network_interface.nic"]},"os_disk":[{"caching":{"constant_value":"ReadWrite"},"storage_account_type":{"constant_value":"Standard_LRS"}}],"resource_group_name":{"references":["azurerm_resource_group.rg.name","azurerm_resource_group.rg"]},"size":{"constant_value":"Standard_F2"},"source_image_reference":[{"offer":{"constant_value":"UbuntuServer"},"publisher":{"constant_value":"Canonical"},"sku":{"constant_value":"16.04-LTS"},"version":{"constant_value":"latest"}}]},"schema_version":0},{"address":"azurerm_linux_virtual_machine.vmexception","mode":"managed","type":"azurerm_linux_virtual_machine","name":"vmexception","provider_config_key":"azurerm","expressions":{"admin_password":{"constant_value":"Ub@!d!lyas99"},"admin_username":{"constant_value":"ubaidilyas"},"disable_password_authentication":{"constant_value":false},"location":{"references":["azurerm_resource_group.rg.location","azurerm_resource_group.rg"]},"name":{"constant_value":"mytfexceptionvm4"},"network_interface_ids":{"references":["azurerm_network_interface.nic.id","azurerm_network_interface.nic"]},"os_disk":[{"caching":{"constant_value":"ReadWrite"},"storage_account_type":{"constant_value":"Standard_LRS"}}],"resource_group_name":{"references":["azurerm_resource_group.rg.name","azurerm_resource_group.rg"]},"size":{"constant_value":"Standard_F2"},"source_image_reference":[{"offer":{"constant_value":"UbuntuServer"},"publisher":{"constant_value":"Canonical"},"sku":{"constant_value":"16.04-LTS"},"version":{"constant_value":"latest"}}]},"schema_version":0},{"address":"azurerm_network_interface.nic","mode":"managed","type":"azurerm_network_interface","name":"nic","provider_config_key":"azurerm","expressions":{"ip_configuration":[{"name":{"constant_value":"internal"},"private_ip_address_allocation":{"constant_value":"Dynamic"},"subnet_id":{"references":["azurerm_subnet.sn.id","azurerm_subnet.sn"]}}],"location":{"references":["azurerm_resource_group.rg.location","azurerm_resource_group.rg"]},"name":{"constant_value":"mytfnic"},"resource_group_name":{"references":["azurerm_resource_group.rg.name","azurerm_resource_group.rg"]}},"schema_version":0},{"address":"azurerm_network_security_group.nsg","mode":"managed","type":"azurerm_network_security_group","name":"nsg","provider_config_key":"azurerm","expressions":{"location":{"references":["azurerm_resource_group.rg.location","azurerm_resource_group.rg"]},"name":{"constant_value":"mytfnsgroup"},"resource_group_name":{"references":["azurerm_resource_group.rg.name","azurerm_resource_group.rg"]},"tags":{"constant_value":{"environment":"staging"}}},"schema_version":0},{"address":"azurerm_network_security_rule.nsr","mode":"managed","type":"azurerm_network_security_rule","name":"nsr","provider_config_key":"azurerm","expressions":{"access":{"references":["each.value.access","each.value"]},"destination_address_prefix":{"references":["each.value.destination_address_prefix","each.value"]},"destination_port_range":{"references":["each.value.destination_port_range","each.value"]},"direction":{"references":["each.value.direction","each.value"]},"name":{"references":["each.value.name","each.value"]},"network_security_group_name":{"references":["azurerm_network_security_group.nsg.name","azurerm_network_security_group.nsg"]},"priority":{"references":["each.value.priority","each.value"]},"protocol":{"references":["each.value.protocol","each.value"]},"resource_group_name":{"references":["azurerm_resource_group.rg.name","azurerm_resource_group.rg"]},"source_address_prefix":{"references":["each.value.source_address_prefix","each.value"]},"source_port_range":{"references":["each.value.source_port_range","each.value"]}},"schema_version":0,"for_each_expression":{"references":["local.nsgrules"]}},{"address":"azurerm_resource_group.rg","mode":"managed","type":"azurerm_resource_group","name":"rg","provider_config_key":"azurerm","expressions":{"location":{"constant_value":"eastus"},"name":{"constant_value":"mytfrgroup"},"tags":{"constant_value":{"Environment":"staging","Team":"DevOps"}}},"schema_version":0},{"address":"azurerm_storage_account.sa","mode":"managed","type":"azurerm_storage_account","name":"sa","provider_config_key":"azurerm","expressions":{"account_replication_type":{"constant_value":"LRS"},"account_tier":{"constant_value":"Standard"},"allow_blob_public_access":{"constant_value":false},"blob_properties":[{"delete_retention_policy":[{"days":{"constant_value":"12"}}]}],"enable_https_traffic_only":{"constant_value":true},"location":{"references":["azurerm_resource_group.rg.location","azurerm_resource_group.rg"]},"name":{"constant_value":"mytfsaccount"},"network_rules":[{"bypass":{"constant_value":["AzureServices","Logging"]},"default_action":{"constant_value":"Deny"},"ip_rules":{"constant_value":["100.0.0.1"]},"virtual_network_subnet_ids":{"references":["azurerm_subnet.sn.id","azurerm_subnet.sn"]}}],"resource_group_name":{"references":["azurerm_resource_group.rg.name","azurerm_resource_group.rg"]},"tags":{"constant_value":{"environment":"staging"}}},"schema_version":2},{"address":"azurerm_subnet.sn","mode":"managed","type":"azurerm_subnet","name":"sn","provider_config_key":"azurerm","expressions":{"address_prefixes":{"constant_value":["10.0.2.0/24"]},"name":{"constant_value":"mytfsnet"},"resource_group_name":{"references":["azurerm_resource_group.rg.name","azurerm_resource_group.rg"]},"service_endpoints":{"constant_value":["Microsoft.Sql","Microsoft.Storage"]},"virtual_network_name":{"references":["azurerm_virtual_network.vnet.name","azurerm_virtual_network.vnet"]}},"schema_version":0},{"address":"azurerm_virtual_network.vnet","mode":"managed","type":"azurerm_virtual_network","name":"vnet","provider_config_key":"azurerm","expressions":{"address_space":{"constant_value":["10.0.0.0/16"]},"location":{"references":["azurerm_resource_group.rg.location","azurerm_resource_group.rg"]},"name":{"constant_value":"mytfvnet"},"resource_group_name":{"references":["azurerm_resource_group.rg.name","azurerm_resource_group.rg"]}},"schema_version":0}]}}}
